
Microsoft Visual Studio Solution File, Format Version 12.00
# Visual Studio Version 16
VisualStudioVersion = 16.0.29230.47
MinimumVisualStudioVersion = 10.0.40219.1
Project("{FAE04EC0-301F-11D3-BF4B-00C04F79EFBC}") = "Lib", "Lib\Lib.csproj", "{40133098-338C-4A5B-BFAA-69A748D73A87}"
EndProject
Project("{2150E333-8FDC-42A3-9474-1A3956D46DE8}") = ".nuget", ".nuget", "{E38DCB2B-5224-4131-A769-FD09E3B71F06}"
	ProjectSection(SolutionItems) = preProject
		.nuget\NuGet.Config = .nuget\NuGet.Config
		.nuget\NuGet.exe = .nuget\NuGet.exe
		.nuget\NuGet.targets = .nuget\NuGet.targets
	EndProjectSection
EndProject
Project("{FAE04EC0-301F-11D3-BF4B-00C04F79EFBC}") = "Plugin.Enhancers", "Plugin.Enhancers\Plugin.Enhancers.csproj", "{AF654E2B-6ADD-46E5-BC27-9FD76D7E0A38}"
EndProject
Project("{2150E333-8FDC-42A3-9474-1A3956D46DE8}") = "3rd", "3rd", "{DA630231-0460-4B92-B657-BE9AFCA71AFD}"
EndProject
Project("{FAE04EC0-301F-11D3-BF4B-00C04F79EFBC}") = "Plugin.IssueAnalyzers", "Plugin.IssueAnalyzers\Plugin.IssueAnalyzers.csproj", "{2547BDED-06A2-4C2B-A3AD-C719713140DA}"
EndProject
Project("{FAE04EC0-301F-11D3-BF4B-00C04F79EFBC}") = "DBUpgrader", "DBUpgrader\DBUpgrader.csproj", "{EC43F4F2-5FE7-4255-8D4D-7E70F07D1773}"
EndProject
Project("{FAE04EC0-301F-11D3-BF4B-00C04F79EFBC}") = "Web", "Web.Statu\Web.csproj", "{74208849-F4AB-4A1F-B250-6723C10E9DF9}"
EndProject
Project("{FAE04EC0-301F-11D3-BF4B-00C04F79EFBC}") = "Plugin.TransparetniUcty", "Plugin.TransparetniUcty\Plugin.TransparetniUcty.csproj", "{480F76E1-55A5-47BB-9412-C90E943CBD4D}"
EndProject
Project("{FAE04EC0-301F-11D3-BF4B-00C04F79EFBC}") = "Lib.UnitTest", "Tests\Lib.UnitTest\Lib.UnitTest.csproj", "{4A1975FD-1CCC-430F-A383-F5A09B416460}"
EndProject
Project("{FAE04EC0-301F-11D3-BF4B-00C04F79EFBC}") = "Lib.Tasks", "..\PrivateInternals\Lib.Tasks\Lib.Tasks.csproj", "{74DE9FAD-6373-41A3-AB92-DC32CA2EF7EC}"
EndProject
Project("{FAE04EC0-301F-11D3-BF4B-00C04F79EFBC}") = "ZabbixApi", "3rd\ZabbixApi\ZabbixApi.csproj", "{2834DAFD-EADE-4076-9D80-0827E185EFE1}"
EndProject
Project("{FAE04EC0-301F-11D3-BF4B-00C04F79EFBC}") = "ZabbixSenderNet", "3rd\ZabbixSenderNet-master\ZabbixSenderNet\ZabbixSenderNet.csproj", "{1E264E84-82F5-4E8F-9847-4EE0CB8F5117}"
EndProject
Project("{FAE04EC0-301F-11D3-BF4B-00C04F79EFBC}") = "Util", "Util\Util.csproj", "{1E06F060-4BA2-45B7-8340-C166C9B2B830}"
EndProject
Project("{FAE04EC0-301F-11D3-BF4B-00C04F79EFBC}") = "WSDL tester", "Tests\WSDL tester\WSDL tester.csproj", "{643D19BF-1C1F-4967-B322-823EDE73D2B8}"
EndProject
Project("{FAE04EC0-301F-11D3-BF4B-00C04F79EFBC}") = "FileTypeGuesser", "3rd\FileTypeGuesser\FileTypeGuesser\FileTypeGuesser.csproj", "{0AE201D3-CE5B-404F-8C25-36BD929E1D19}"
EndProject
Project("{FAE04EC0-301F-11D3-BF4B-00C04F79EFBC}") = "OCRService", "..\PrivateInternals\OCR\OCRService\OCRService.csproj", "{0CFFB433-12E2-43E9-9A56-9CAA5971E23D}"
EndProject
Project("{FAE04EC0-301F-11D3-BF4B-00C04F79EFBC}") = "Lib.OCR.Api", "..\PrivateInternals\OCR\Lib.OCR.Api\Lib.OCR.Api.csproj", "{304892DD-28B3-4D3A-A37A-6494C8E0F14F}"
EndProject
Project("{2150E333-8FDC-42A3-9474-1A3956D46DE8}") = "OCR", "OCR", "{1F2C4408-345E-4AC7-BDE2-B471997CD3CE}"
EndProject
Project("{FAE04EC0-301F-11D3-BF4B-00C04F79EFBC}") = "DotNet.Highcharts", "3rd\DotNet.Highcharts\DotNet.Highcharts.csproj", "{6FE2EA1E-85E3-4969-BE6C-C08C9BA9029A}"
EndProject
Project("{2150E333-8FDC-42A3-9474-1A3956D46DE8}") = "Tests", "Tests", "{F0B0A6EA-FAB7-4F57-9C96-C13E4B1F3812}"
EndProject
Project("{FAE04EC0-301F-11D3-BF4B-00C04F79EFBC}") = "Plugin.TransparentniUcty.Tests", "Tests\Plugin.TransparentniUcty.Tests\Plugin.TransparentniUcty.Tests.csproj", "{C52D0051-0BD8-49AC-9D33-A68D44EEECCB}"
EndProject
Project("{FAE04EC0-301F-11D3-BF4B-00C04F79EFBC}") = "Lib.Data.External", "Lib.Data.External\Lib.Data.External.csproj", "{BECFA974-D320-433A-AF91-84548D48E35F}"
EndProject
Project("{FAE04EC0-301F-11D3-BF4B-00C04F79EFBC}") = "Lib.OCR", "..\PrivateInternals\OCR\Lib.OCR\Lib.OCR.csproj", "{8B58868A-10B5-436F-90F2-FC9C0D458C76}"
EndProject
Project("{2150E333-8FDC-42A3-9474-1A3956D46DE8}") = "_deploy", "_deploy", "{58A6F412-9E20-4E4B-A54B-AE8EE849EDAE}"
	ProjectSection(SolutionItems) = preProject
		.gitignore = .gitignore
		..\PrivateInternals\.gitignore = ..\PrivateInternals\.gitignore
		..\PrivateInternals\_deployGH\buildClassificationRepair.bat = ..\PrivateInternals\_deployGH\buildClassificationRepair.bat
		..\PrivateInternals\_deployGH\buildWeb.bat = ..\PrivateInternals\_deployGH\buildWeb.bat
		..\PrivateInternals\_deployGH\deployAll.bat = ..\PrivateInternals\_deployGH\deployAll.bat
		..\PrivateInternals\_deployGH\deployDownloader.bat = ..\PrivateInternals\_deployGH\deployDownloader.bat
		..\PrivateInternals\_deployGH\deployHlidacStatu.bat = ..\PrivateInternals\_deployGH\deployHlidacStatu.bat
		..\PrivateInternals\_deployGH\deployHlidacStatu.Stage.bat = ..\PrivateInternals\_deployGH\deployHlidacStatu.Stage.bat
		..\PrivateInternals\_deployGH\deployHlidacStatuAdmin.bat = ..\PrivateInternals\_deployGH\deployHlidacStatuAdmin.bat
		..\PrivateInternals\_deployGH\deployOCRHlidacStatu.bat = ..\PrivateInternals\_deployGH\deployOCRHlidacStatu.bat
		..\PrivateInternals\_deployGH\deployPlatformMonitor.bat = ..\PrivateInternals\_deployGH\deployPlatformMonitor.bat
		..\PrivateInternals\_deployGH\msbuild.14.bat = ..\PrivateInternals\_deployGH\msbuild.14.bat
		..\PrivateInternals\_deployGH\msbuild.15.bat = ..\PrivateInternals\_deployGH\msbuild.15.bat
		..\PrivateInternals\_deployGH\msbuild.Stage.15.bat = ..\PrivateInternals\_deployGH\msbuild.Stage.15.bat
	EndProjectSection
EndProject
Project("{FAE04EC0-301F-11D3-BF4B-00C04F79EFBC}") = "HlidacWebu.CustomMonitors", "..\PrivateInternals\HlidacWebu.CustomMonitors\HlidacWebu.CustomMonitors.csproj", "{DDA06DE1-D9AC-4CFF-92D8-A7D051779CFF}"
EndProject
Project("{FAE04EC0-301F-11D3-BF4B-00C04F79EFBC}") = "Downloader", "..\PrivateInternals\Downloader\Downloader.csproj", "{DC73BDE9-FF0A-490A-8761-8734592246D1}"
EndProject
Project("{FAE04EC0-301F-11D3-BF4B-00C04F79EFBC}") = "Lib.Data.VZ.Import", "..\PrivateInternals\Lib.Data.VZ.Import\Lib.Data.VZ.Import.csproj", "{68BD6A30-CB86-42E1-945D-F14DFC4F9439}"
EndProject
Project("{FAE04EC0-301F-11D3-BF4B-00C04F79EFBC}") = "HlidacStatu.Lib.Db.Insolvence", "HlidacStatu.Lib.Db.Insolvence\HlidacStatu.Lib.Db.Insolvence.csproj", "{18CDEB72-04C2-45F2-9BD4-B1676AA0CA07}"
EndProject
Project("{FAE04EC0-301F-11D3-BF4B-00C04F79EFBC}") = "InsolvenceExport", "..\PrivateInternals\InsolvenceExport\InsolvenceExport.csproj", "{66EC3823-25A4-406F-A1FC-A6BF1938DE38}"
EndProject
Project("{FAE04EC0-301F-11D3-BF4B-00C04F79EFBC}") = "Lib.OCR.Api.Client", "Lib.OCR.Api.Client\Lib.OCR.Api.Client.csproj", "{7609680C-3C9D-4735-8709-E64F7116AB70}"
EndProject
Project("{FAE04EC0-301F-11D3-BF4B-00C04F79EFBC}") = "Web.OCR", "..\PrivateInternals\OCR\Web.Ocr\Web.OCR.csproj", "{372FC78E-0B78-414C-A895-59C0CD6BBA7C}"
EndProject
Project("{FAE04EC0-301F-11D3-BF4B-00C04F79EFBC}") = "Lang", "Lang\Lang.csproj", "{D787ACCA-0E9D-45E7-A98B-87ACFE7AF249}"
EndProject
Project("{2150E333-8FDC-42A3-9474-1A3956D46DE8}") = "DownloaderTool", "DownloaderTool", "{89DAEB9A-7392-4DDE-8C79-E7D5929E0DEE}"
EndProject
Project("{FAE04EC0-301F-11D3-BF4B-00C04F79EFBC}") = "Mailerlite", "Mailerlite\Mailerlite.csproj", "{A14B6807-A7E8-4EC8-861F-BCC799D90B95}"
EndProject
Project("{FAE04EC0-301F-11D3-BF4B-00C04F79EFBC}") = "Lib.OCR.TextReadability", "..\PrivateInternals\OCR\Lib.OCR.TextReadability\Lib.OCR.TextReadability.csproj", "{B3F13956-BC92-4B49-A375-1882BDA8878C}"
EndProject
Project("{FAE04EC0-301F-11D3-BF4B-00C04F79EFBC}") = "DotaceLoader", "DotaceLoader\DotaceLoader.csproj", "{4C9528F5-79D9-40BA-8CF0-CADCB9BAF299}"
EndProject
Project("{2150E333-8FDC-42A3-9474-1A3956D46DE8}") = "Playgr", "Playgr", "{F4002F1A-7F3B-4004-B6D1-6E38A55E0E6B}"
EndProject
Project("{2150E333-8FDC-42A3-9474-1A3956D46DE8}") = "Solution Items", "Solution Items", "{7B90E1AA-011E-4344-91D1-90A6652A8885}"
	ProjectSection(SolutionItems) = preProject
		.editorconfig = .editorconfig
	EndProjectSection
EndProject
Project("{9A19103F-16F7-4668-BE54-9A1E7A4F7556}") = "Newton.SpeechToText.Cloud", "Newton.SpeechToText.Cloud\Newton.SpeechToText.Cloud.csproj", "{1346D530-B4D5-48B4-B1D2-0130D20EDFBF}"
EndProject
Project("{FAE04EC0-301F-11D3-BF4B-00C04F79EFBC}") = "PeopleLoader", "PeopleLoader\PeopleLoader.csproj", "{32B52012-6743-4560-86BE-0B3629F23AB3}"
EndProject
Project("{9A19103F-16F7-4668-BE54-9A1E7A4F7556}") = "HlidacStatu.Q.Messages", "HlidacStatu.Q.Messages\HlidacStatu.Q.Messages.csproj", "{CB982580-DD8D-414E-AF2D-29D73A06A09D}"
EndProject
Project("{9A19103F-16F7-4668-BE54-9A1E7A4F7556}") = "HlidacStatu.Q", "HlidacStatu.Q\HlidacStatu.Q.csproj", "{9BD61768-3817-4BC5-93BE-DF3977193A2C}"
EndProject
Project("{FAE04EC0-301F-11D3-BF4B-00C04F79EFBC}") = "Vybory-PSP", "DatasetParsers\Vybory-PSP\Vybory-PSP.csproj", "{0705C384-17C7-42F1-B050-88BF22E21784}"
EndProject
Project("{FAE04EC0-301F-11D3-BF4B-00C04F79EFBC}") = "Playground", "..\PrivateInternals\Playground\Playground.csproj", "{1F1533F7-08AB-4E39-9EC3-D33B559E2E2E}"
EndProject
Project("{2150E333-8FDC-42A3-9474-1A3956D46DE8}") = "Datasets", "Datasets", "{62B11137-6DCD-450E-996D-1256B38B3BD5}"
EndProject
Project("{2150E333-8FDC-42A3-9474-1A3956D46DE8}") = "Q", "Q", "{FFDF8716-D3DF-414D-8D45-89FEE1AED6AA}"
EndProject
Project("{FAE04EC0-301F-11D3-BF4B-00C04F79EFBC}") = "OCRcmd", "..\PrivateInternals\OCR\OCRcmd\OCRcmd.csproj", "{01F5CEF0-2640-46CC-923E-80C3297C279B}"
EndProject
Project("{9A19103F-16F7-4668-BE54-9A1E7A4F7556}") = "HlidacStatu.ClassificationRepair", "HlidacStatu.ClassificationRepair\HlidacStatu.ClassificationRepair.csproj", "{81DE71C4-146D-4978-B52D-2CE2C4B1D512}"
EndProject
Global
	GlobalSection(SolutionConfigurationPlatforms) = preSolution
		Debug|Any CPU = Debug|Any CPU
		Debug|x64 = Debug|x64
		Debug|x86 = Debug|x86
		Release|Any CPU = Release|Any CPU
		Release|x64 = Release|x64
		Release|x86 = Release|x86
		Stage|Any CPU = Stage|Any CPU
		Stage|x64 = Stage|x64
		Stage|x86 = Stage|x86
		x86Only|Any CPU = x86Only|Any CPU
		x86Only|x64 = x86Only|x64
		x86Only|x86 = x86Only|x86
	EndGlobalSection
	GlobalSection(ProjectConfigurationPlatforms) = postSolution
		{40133098-338C-4A5B-BFAA-69A748D73A87}.Debug|Any CPU.ActiveCfg = Debug|Any CPU
		{40133098-338C-4A5B-BFAA-69A748D73A87}.Debug|Any CPU.Build.0 = Debug|Any CPU
		{40133098-338C-4A5B-BFAA-69A748D73A87}.Debug|x64.ActiveCfg = Debug|Any CPU
		{40133098-338C-4A5B-BFAA-69A748D73A87}.Debug|x64.Build.0 = Debug|Any CPU
		{40133098-338C-4A5B-BFAA-69A748D73A87}.Debug|x86.ActiveCfg = Debug|Any CPU
		{40133098-338C-4A5B-BFAA-69A748D73A87}.Debug|x86.Build.0 = Debug|Any CPU
		{40133098-338C-4A5B-BFAA-69A748D73A87}.Release|Any CPU.ActiveCfg = Release|Any CPU
		{40133098-338C-4A5B-BFAA-69A748D73A87}.Release|Any CPU.Build.0 = Release|Any CPU
		{40133098-338C-4A5B-BFAA-69A748D73A87}.Release|x64.ActiveCfg = Release|Any CPU
		{40133098-338C-4A5B-BFAA-69A748D73A87}.Release|x64.Build.0 = Release|Any CPU
		{40133098-338C-4A5B-BFAA-69A748D73A87}.Release|x86.ActiveCfg = Release|Any CPU
		{40133098-338C-4A5B-BFAA-69A748D73A87}.Release|x86.Build.0 = Release|Any CPU
		{40133098-338C-4A5B-BFAA-69A748D73A87}.Stage|Any CPU.ActiveCfg = Stage|Any CPU
		{40133098-338C-4A5B-BFAA-69A748D73A87}.Stage|Any CPU.Build.0 = Stage|Any CPU
		{40133098-338C-4A5B-BFAA-69A748D73A87}.Stage|x64.ActiveCfg = Stage|Any CPU
		{40133098-338C-4A5B-BFAA-69A748D73A87}.Stage|x64.Build.0 = Stage|Any CPU
		{40133098-338C-4A5B-BFAA-69A748D73A87}.Stage|x86.ActiveCfg = Stage|Any CPU
		{40133098-338C-4A5B-BFAA-69A748D73A87}.Stage|x86.Build.0 = Stage|Any CPU
		{40133098-338C-4A5B-BFAA-69A748D73A87}.x86Only|Any CPU.ActiveCfg = Stage|Any CPU
		{40133098-338C-4A5B-BFAA-69A748D73A87}.x86Only|Any CPU.Build.0 = Stage|Any CPU
		{40133098-338C-4A5B-BFAA-69A748D73A87}.x86Only|x64.ActiveCfg = Stage|Any CPU
		{40133098-338C-4A5B-BFAA-69A748D73A87}.x86Only|x64.Build.0 = Stage|Any CPU
		{40133098-338C-4A5B-BFAA-69A748D73A87}.x86Only|x86.ActiveCfg = Stage|Any CPU
		{40133098-338C-4A5B-BFAA-69A748D73A87}.x86Only|x86.Build.0 = Stage|Any CPU
		{AF654E2B-6ADD-46E5-BC27-9FD76D7E0A38}.Debug|Any CPU.ActiveCfg = Debug|Any CPU
		{AF654E2B-6ADD-46E5-BC27-9FD76D7E0A38}.Debug|Any CPU.Build.0 = Debug|Any CPU
		{AF654E2B-6ADD-46E5-BC27-9FD76D7E0A38}.Debug|x64.ActiveCfg = Debug|Any CPU
		{AF654E2B-6ADD-46E5-BC27-9FD76D7E0A38}.Debug|x64.Build.0 = Debug|Any CPU
		{AF654E2B-6ADD-46E5-BC27-9FD76D7E0A38}.Debug|x86.ActiveCfg = Debug|Any CPU
		{AF654E2B-6ADD-46E5-BC27-9FD76D7E0A38}.Debug|x86.Build.0 = Debug|Any CPU
		{AF654E2B-6ADD-46E5-BC27-9FD76D7E0A38}.Release|Any CPU.ActiveCfg = Release|Any CPU
		{AF654E2B-6ADD-46E5-BC27-9FD76D7E0A38}.Release|Any CPU.Build.0 = Release|Any CPU
		{AF654E2B-6ADD-46E5-BC27-9FD76D7E0A38}.Release|x64.ActiveCfg = Release|Any CPU
		{AF654E2B-6ADD-46E5-BC27-9FD76D7E0A38}.Release|x64.Build.0 = Release|Any CPU
		{AF654E2B-6ADD-46E5-BC27-9FD76D7E0A38}.Release|x86.ActiveCfg = Release|Any CPU
		{AF654E2B-6ADD-46E5-BC27-9FD76D7E0A38}.Release|x86.Build.0 = Release|Any CPU
		{AF654E2B-6ADD-46E5-BC27-9FD76D7E0A38}.Stage|Any CPU.ActiveCfg = Debug|Any CPU
		{AF654E2B-6ADD-46E5-BC27-9FD76D7E0A38}.Stage|Any CPU.Build.0 = Debug|Any CPU
		{AF654E2B-6ADD-46E5-BC27-9FD76D7E0A38}.Stage|x64.ActiveCfg = Release|Any CPU
		{AF654E2B-6ADD-46E5-BC27-9FD76D7E0A38}.Stage|x64.Build.0 = Release|Any CPU
		{AF654E2B-6ADD-46E5-BC27-9FD76D7E0A38}.Stage|x86.ActiveCfg = Release|Any CPU
		{AF654E2B-6ADD-46E5-BC27-9FD76D7E0A38}.Stage|x86.Build.0 = Release|Any CPU
		{AF654E2B-6ADD-46E5-BC27-9FD76D7E0A38}.x86Only|Any CPU.ActiveCfg = Release|Any CPU
		{AF654E2B-6ADD-46E5-BC27-9FD76D7E0A38}.x86Only|Any CPU.Build.0 = Release|Any CPU
		{AF654E2B-6ADD-46E5-BC27-9FD76D7E0A38}.x86Only|x64.ActiveCfg = Release|Any CPU
		{AF654E2B-6ADD-46E5-BC27-9FD76D7E0A38}.x86Only|x64.Build.0 = Release|Any CPU
		{AF654E2B-6ADD-46E5-BC27-9FD76D7E0A38}.x86Only|x86.ActiveCfg = Release|Any CPU
		{AF654E2B-6ADD-46E5-BC27-9FD76D7E0A38}.x86Only|x86.Build.0 = Release|Any CPU
		{2547BDED-06A2-4C2B-A3AD-C719713140DA}.Debug|Any CPU.ActiveCfg = Debug|Any CPU
		{2547BDED-06A2-4C2B-A3AD-C719713140DA}.Debug|Any CPU.Build.0 = Debug|Any CPU
		{2547BDED-06A2-4C2B-A3AD-C719713140DA}.Debug|x64.ActiveCfg = Debug|Any CPU
		{2547BDED-06A2-4C2B-A3AD-C719713140DA}.Debug|x64.Build.0 = Debug|Any CPU
		{2547BDED-06A2-4C2B-A3AD-C719713140DA}.Debug|x86.ActiveCfg = Debug|Any CPU
		{2547BDED-06A2-4C2B-A3AD-C719713140DA}.Debug|x86.Build.0 = Debug|Any CPU
		{2547BDED-06A2-4C2B-A3AD-C719713140DA}.Release|Any CPU.ActiveCfg = Release|Any CPU
		{2547BDED-06A2-4C2B-A3AD-C719713140DA}.Release|Any CPU.Build.0 = Release|Any CPU
		{2547BDED-06A2-4C2B-A3AD-C719713140DA}.Release|x64.ActiveCfg = Release|Any CPU
		{2547BDED-06A2-4C2B-A3AD-C719713140DA}.Release|x64.Build.0 = Release|Any CPU
		{2547BDED-06A2-4C2B-A3AD-C719713140DA}.Release|x86.ActiveCfg = Release|Any CPU
		{2547BDED-06A2-4C2B-A3AD-C719713140DA}.Release|x86.Build.0 = Release|Any CPU
		{2547BDED-06A2-4C2B-A3AD-C719713140DA}.Stage|Any CPU.ActiveCfg = Debug|Any CPU
		{2547BDED-06A2-4C2B-A3AD-C719713140DA}.Stage|Any CPU.Build.0 = Debug|Any CPU
		{2547BDED-06A2-4C2B-A3AD-C719713140DA}.Stage|x64.ActiveCfg = Release|Any CPU
		{2547BDED-06A2-4C2B-A3AD-C719713140DA}.Stage|x64.Build.0 = Release|Any CPU
		{2547BDED-06A2-4C2B-A3AD-C719713140DA}.Stage|x86.ActiveCfg = Release|Any CPU
		{2547BDED-06A2-4C2B-A3AD-C719713140DA}.Stage|x86.Build.0 = Release|Any CPU
		{2547BDED-06A2-4C2B-A3AD-C719713140DA}.x86Only|Any CPU.ActiveCfg = Release|Any CPU
		{2547BDED-06A2-4C2B-A3AD-C719713140DA}.x86Only|Any CPU.Build.0 = Release|Any CPU
		{2547BDED-06A2-4C2B-A3AD-C719713140DA}.x86Only|x64.ActiveCfg = Release|Any CPU
		{2547BDED-06A2-4C2B-A3AD-C719713140DA}.x86Only|x64.Build.0 = Release|Any CPU
		{2547BDED-06A2-4C2B-A3AD-C719713140DA}.x86Only|x86.ActiveCfg = Release|Any CPU
		{2547BDED-06A2-4C2B-A3AD-C719713140DA}.x86Only|x86.Build.0 = Release|Any CPU
		{EC43F4F2-5FE7-4255-8D4D-7E70F07D1773}.Debug|Any CPU.ActiveCfg = Debug|Any CPU
		{EC43F4F2-5FE7-4255-8D4D-7E70F07D1773}.Debug|Any CPU.Build.0 = Debug|Any CPU
		{EC43F4F2-5FE7-4255-8D4D-7E70F07D1773}.Debug|x64.ActiveCfg = Debug|Any CPU
		{EC43F4F2-5FE7-4255-8D4D-7E70F07D1773}.Debug|x64.Build.0 = Debug|Any CPU
		{EC43F4F2-5FE7-4255-8D4D-7E70F07D1773}.Debug|x86.ActiveCfg = Debug|Any CPU
		{EC43F4F2-5FE7-4255-8D4D-7E70F07D1773}.Debug|x86.Build.0 = Debug|Any CPU
		{EC43F4F2-5FE7-4255-8D4D-7E70F07D1773}.Release|Any CPU.ActiveCfg = Release|Any CPU
		{EC43F4F2-5FE7-4255-8D4D-7E70F07D1773}.Release|Any CPU.Build.0 = Release|Any CPU
		{EC43F4F2-5FE7-4255-8D4D-7E70F07D1773}.Release|x64.ActiveCfg = Release|Any CPU
		{EC43F4F2-5FE7-4255-8D4D-7E70F07D1773}.Release|x64.Build.0 = Release|Any CPU
		{EC43F4F2-5FE7-4255-8D4D-7E70F07D1773}.Release|x86.ActiveCfg = Release|Any CPU
		{EC43F4F2-5FE7-4255-8D4D-7E70F07D1773}.Release|x86.Build.0 = Release|Any CPU
		{EC43F4F2-5FE7-4255-8D4D-7E70F07D1773}.Stage|Any CPU.ActiveCfg = Debug|Any CPU
		{EC43F4F2-5FE7-4255-8D4D-7E70F07D1773}.Stage|Any CPU.Build.0 = Debug|Any CPU
		{EC43F4F2-5FE7-4255-8D4D-7E70F07D1773}.Stage|x64.ActiveCfg = Debug|Any CPU
		{EC43F4F2-5FE7-4255-8D4D-7E70F07D1773}.Stage|x64.Build.0 = Debug|Any CPU
		{EC43F4F2-5FE7-4255-8D4D-7E70F07D1773}.Stage|x86.ActiveCfg = Release|Any CPU
		{EC43F4F2-5FE7-4255-8D4D-7E70F07D1773}.Stage|x86.Build.0 = Release|Any CPU
		{EC43F4F2-5FE7-4255-8D4D-7E70F07D1773}.x86Only|Any CPU.ActiveCfg = Release|Any CPU
		{EC43F4F2-5FE7-4255-8D4D-7E70F07D1773}.x86Only|Any CPU.Build.0 = Release|Any CPU
		{EC43F4F2-5FE7-4255-8D4D-7E70F07D1773}.x86Only|x64.ActiveCfg = Release|Any CPU
		{EC43F4F2-5FE7-4255-8D4D-7E70F07D1773}.x86Only|x64.Build.0 = Release|Any CPU
		{EC43F4F2-5FE7-4255-8D4D-7E70F07D1773}.x86Only|x86.ActiveCfg = Release|Any CPU
		{EC43F4F2-5FE7-4255-8D4D-7E70F07D1773}.x86Only|x86.Build.0 = Release|Any CPU
		{74208849-F4AB-4A1F-B250-6723C10E9DF9}.Debug|Any CPU.ActiveCfg = Debug|Any CPU
		{74208849-F4AB-4A1F-B250-6723C10E9DF9}.Debug|Any CPU.Build.0 = Debug|Any CPU
		{74208849-F4AB-4A1F-B250-6723C10E9DF9}.Debug|x64.ActiveCfg = Debug|Any CPU
		{74208849-F4AB-4A1F-B250-6723C10E9DF9}.Debug|x64.Build.0 = Debug|Any CPU
		{74208849-F4AB-4A1F-B250-6723C10E9DF9}.Debug|x86.ActiveCfg = Debug|Any CPU
		{74208849-F4AB-4A1F-B250-6723C10E9DF9}.Debug|x86.Build.0 = Debug|Any CPU
		{74208849-F4AB-4A1F-B250-6723C10E9DF9}.Release|Any CPU.ActiveCfg = Release|Any CPU
		{74208849-F4AB-4A1F-B250-6723C10E9DF9}.Release|Any CPU.Build.0 = Release|Any CPU
		{74208849-F4AB-4A1F-B250-6723C10E9DF9}.Release|x64.ActiveCfg = Release|Any CPU
		{74208849-F4AB-4A1F-B250-6723C10E9DF9}.Release|x64.Build.0 = Release|Any CPU
		{74208849-F4AB-4A1F-B250-6723C10E9DF9}.Release|x86.ActiveCfg = Release|Any CPU
		{74208849-F4AB-4A1F-B250-6723C10E9DF9}.Release|x86.Build.0 = Release|Any CPU
		{74208849-F4AB-4A1F-B250-6723C10E9DF9}.Stage|Any CPU.ActiveCfg = Stage|Any CPU
		{74208849-F4AB-4A1F-B250-6723C10E9DF9}.Stage|Any CPU.Build.0 = Stage|Any CPU
		{74208849-F4AB-4A1F-B250-6723C10E9DF9}.Stage|x64.ActiveCfg = Stage|Any CPU
		{74208849-F4AB-4A1F-B250-6723C10E9DF9}.Stage|x64.Build.0 = Stage|Any CPU
		{74208849-F4AB-4A1F-B250-6723C10E9DF9}.Stage|x86.ActiveCfg = Stage|Any CPU
		{74208849-F4AB-4A1F-B250-6723C10E9DF9}.Stage|x86.Build.0 = Stage|Any CPU
		{74208849-F4AB-4A1F-B250-6723C10E9DF9}.x86Only|Any CPU.ActiveCfg = Stage|Any CPU
		{74208849-F4AB-4A1F-B250-6723C10E9DF9}.x86Only|Any CPU.Build.0 = Stage|Any CPU
		{74208849-F4AB-4A1F-B250-6723C10E9DF9}.x86Only|x64.ActiveCfg = Stage|Any CPU
		{74208849-F4AB-4A1F-B250-6723C10E9DF9}.x86Only|x64.Build.0 = Stage|Any CPU
		{74208849-F4AB-4A1F-B250-6723C10E9DF9}.x86Only|x86.ActiveCfg = Stage|Any CPU
		{74208849-F4AB-4A1F-B250-6723C10E9DF9}.x86Only|x86.Build.0 = Stage|Any CPU
		{480F76E1-55A5-47BB-9412-C90E943CBD4D}.Debug|Any CPU.ActiveCfg = Debug|Any CPU
		{480F76E1-55A5-47BB-9412-C90E943CBD4D}.Debug|Any CPU.Build.0 = Debug|Any CPU
		{480F76E1-55A5-47BB-9412-C90E943CBD4D}.Debug|x64.ActiveCfg = Debug|Any CPU
		{480F76E1-55A5-47BB-9412-C90E943CBD4D}.Debug|x64.Build.0 = Debug|Any CPU
		{480F76E1-55A5-47BB-9412-C90E943CBD4D}.Debug|x86.ActiveCfg = Debug|Any CPU
		{480F76E1-55A5-47BB-9412-C90E943CBD4D}.Debug|x86.Build.0 = Debug|Any CPU
		{480F76E1-55A5-47BB-9412-C90E943CBD4D}.Release|Any CPU.ActiveCfg = Release|Any CPU
		{480F76E1-55A5-47BB-9412-C90E943CBD4D}.Release|Any CPU.Build.0 = Release|Any CPU
		{480F76E1-55A5-47BB-9412-C90E943CBD4D}.Release|x64.ActiveCfg = Release|Any CPU
		{480F76E1-55A5-47BB-9412-C90E943CBD4D}.Release|x64.Build.0 = Release|Any CPU
		{480F76E1-55A5-47BB-9412-C90E943CBD4D}.Release|x86.ActiveCfg = Release|Any CPU
		{480F76E1-55A5-47BB-9412-C90E943CBD4D}.Release|x86.Build.0 = Release|Any CPU
		{480F76E1-55A5-47BB-9412-C90E943CBD4D}.Stage|Any CPU.ActiveCfg = Debug|Any CPU
		{480F76E1-55A5-47BB-9412-C90E943CBD4D}.Stage|Any CPU.Build.0 = Debug|Any CPU
		{480F76E1-55A5-47BB-9412-C90E943CBD4D}.Stage|x64.ActiveCfg = Debug|Any CPU
		{480F76E1-55A5-47BB-9412-C90E943CBD4D}.Stage|x64.Build.0 = Debug|Any CPU
		{480F76E1-55A5-47BB-9412-C90E943CBD4D}.Stage|x86.ActiveCfg = Release|Any CPU
		{480F76E1-55A5-47BB-9412-C90E943CBD4D}.Stage|x86.Build.0 = Release|Any CPU
		{480F76E1-55A5-47BB-9412-C90E943CBD4D}.x86Only|Any CPU.ActiveCfg = Release|Any CPU
		{480F76E1-55A5-47BB-9412-C90E943CBD4D}.x86Only|Any CPU.Build.0 = Release|Any CPU
		{480F76E1-55A5-47BB-9412-C90E943CBD4D}.x86Only|x64.ActiveCfg = Release|Any CPU
		{480F76E1-55A5-47BB-9412-C90E943CBD4D}.x86Only|x64.Build.0 = Release|Any CPU
		{480F76E1-55A5-47BB-9412-C90E943CBD4D}.x86Only|x86.ActiveCfg = Release|Any CPU
		{480F76E1-55A5-47BB-9412-C90E943CBD4D}.x86Only|x86.Build.0 = Release|Any CPU
		{4A1975FD-1CCC-430F-A383-F5A09B416460}.Debug|Any CPU.ActiveCfg = Debug|Any CPU
		{4A1975FD-1CCC-430F-A383-F5A09B416460}.Debug|Any CPU.Build.0 = Debug|Any CPU
		{4A1975FD-1CCC-430F-A383-F5A09B416460}.Debug|x64.ActiveCfg = Debug|Any CPU
		{4A1975FD-1CCC-430F-A383-F5A09B416460}.Debug|x64.Build.0 = Debug|Any CPU
		{4A1975FD-1CCC-430F-A383-F5A09B416460}.Debug|x86.ActiveCfg = Debug|Any CPU
		{4A1975FD-1CCC-430F-A383-F5A09B416460}.Debug|x86.Build.0 = Debug|Any CPU
		{4A1975FD-1CCC-430F-A383-F5A09B416460}.Release|Any CPU.ActiveCfg = Release|Any CPU
		{4A1975FD-1CCC-430F-A383-F5A09B416460}.Release|x64.ActiveCfg = Release|Any CPU
		{4A1975FD-1CCC-430F-A383-F5A09B416460}.Release|x64.Build.0 = Release|Any CPU
		{4A1975FD-1CCC-430F-A383-F5A09B416460}.Release|x86.ActiveCfg = Release|Any CPU
		{4A1975FD-1CCC-430F-A383-F5A09B416460}.Release|x86.Build.0 = Release|Any CPU
		{4A1975FD-1CCC-430F-A383-F5A09B416460}.Stage|Any CPU.ActiveCfg = Debug|Any CPU
		{4A1975FD-1CCC-430F-A383-F5A09B416460}.Stage|Any CPU.Build.0 = Debug|Any CPU
		{4A1975FD-1CCC-430F-A383-F5A09B416460}.Stage|x64.ActiveCfg = Debug|Any CPU
		{4A1975FD-1CCC-430F-A383-F5A09B416460}.Stage|x64.Build.0 = Debug|Any CPU
		{4A1975FD-1CCC-430F-A383-F5A09B416460}.Stage|x86.ActiveCfg = Release|Any CPU
		{4A1975FD-1CCC-430F-A383-F5A09B416460}.Stage|x86.Build.0 = Release|Any CPU
		{4A1975FD-1CCC-430F-A383-F5A09B416460}.x86Only|Any CPU.ActiveCfg = Release|Any CPU
		{4A1975FD-1CCC-430F-A383-F5A09B416460}.x86Only|Any CPU.Build.0 = Release|Any CPU
		{4A1975FD-1CCC-430F-A383-F5A09B416460}.x86Only|x64.ActiveCfg = Release|Any CPU
		{4A1975FD-1CCC-430F-A383-F5A09B416460}.x86Only|x64.Build.0 = Release|Any CPU
		{4A1975FD-1CCC-430F-A383-F5A09B416460}.x86Only|x86.ActiveCfg = Release|Any CPU
		{4A1975FD-1CCC-430F-A383-F5A09B416460}.x86Only|x86.Build.0 = Release|Any CPU
		{74DE9FAD-6373-41A3-AB92-DC32CA2EF7EC}.Debug|Any CPU.ActiveCfg = Debug|Any CPU
		{74DE9FAD-6373-41A3-AB92-DC32CA2EF7EC}.Debug|Any CPU.Build.0 = Debug|Any CPU
		{74DE9FAD-6373-41A3-AB92-DC32CA2EF7EC}.Debug|x64.ActiveCfg = Debug|Any CPU
		{74DE9FAD-6373-41A3-AB92-DC32CA2EF7EC}.Debug|x64.Build.0 = Debug|Any CPU
		{74DE9FAD-6373-41A3-AB92-DC32CA2EF7EC}.Debug|x86.ActiveCfg = Debug|Any CPU
		{74DE9FAD-6373-41A3-AB92-DC32CA2EF7EC}.Debug|x86.Build.0 = Debug|Any CPU
		{74DE9FAD-6373-41A3-AB92-DC32CA2EF7EC}.Release|Any CPU.ActiveCfg = Release|Any CPU
		{74DE9FAD-6373-41A3-AB92-DC32CA2EF7EC}.Release|Any CPU.Build.0 = Release|Any CPU
		{74DE9FAD-6373-41A3-AB92-DC32CA2EF7EC}.Release|x64.ActiveCfg = Release|Any CPU
		{74DE9FAD-6373-41A3-AB92-DC32CA2EF7EC}.Release|x64.Build.0 = Release|Any CPU
		{74DE9FAD-6373-41A3-AB92-DC32CA2EF7EC}.Release|x86.ActiveCfg = Release|Any CPU
		{74DE9FAD-6373-41A3-AB92-DC32CA2EF7EC}.Release|x86.Build.0 = Release|Any CPU
		{74DE9FAD-6373-41A3-AB92-DC32CA2EF7EC}.Stage|Any CPU.ActiveCfg = Debug|Any CPU
		{74DE9FAD-6373-41A3-AB92-DC32CA2EF7EC}.Stage|Any CPU.Build.0 = Debug|Any CPU
		{74DE9FAD-6373-41A3-AB92-DC32CA2EF7EC}.Stage|x64.ActiveCfg = Debug|Any CPU
		{74DE9FAD-6373-41A3-AB92-DC32CA2EF7EC}.Stage|x64.Build.0 = Debug|Any CPU
		{74DE9FAD-6373-41A3-AB92-DC32CA2EF7EC}.Stage|x86.ActiveCfg = Release|Any CPU
		{74DE9FAD-6373-41A3-AB92-DC32CA2EF7EC}.Stage|x86.Build.0 = Release|Any CPU
		{74DE9FAD-6373-41A3-AB92-DC32CA2EF7EC}.x86Only|Any CPU.ActiveCfg = Release|Any CPU
		{74DE9FAD-6373-41A3-AB92-DC32CA2EF7EC}.x86Only|Any CPU.Build.0 = Release|Any CPU
		{74DE9FAD-6373-41A3-AB92-DC32CA2EF7EC}.x86Only|x64.ActiveCfg = Release|Any CPU
		{74DE9FAD-6373-41A3-AB92-DC32CA2EF7EC}.x86Only|x64.Build.0 = Release|Any CPU
		{74DE9FAD-6373-41A3-AB92-DC32CA2EF7EC}.x86Only|x86.ActiveCfg = Release|Any CPU
		{74DE9FAD-6373-41A3-AB92-DC32CA2EF7EC}.x86Only|x86.Build.0 = Release|Any CPU
		{2834DAFD-EADE-4076-9D80-0827E185EFE1}.Debug|Any CPU.ActiveCfg = Debug|Any CPU
		{2834DAFD-EADE-4076-9D80-0827E185EFE1}.Debug|Any CPU.Build.0 = Debug|Any CPU
		{2834DAFD-EADE-4076-9D80-0827E185EFE1}.Debug|x64.ActiveCfg = Debug|Any CPU
		{2834DAFD-EADE-4076-9D80-0827E185EFE1}.Debug|x64.Build.0 = Debug|Any CPU
		{2834DAFD-EADE-4076-9D80-0827E185EFE1}.Debug|x86.ActiveCfg = Debug|Any CPU
		{2834DAFD-EADE-4076-9D80-0827E185EFE1}.Debug|x86.Build.0 = Debug|Any CPU
		{2834DAFD-EADE-4076-9D80-0827E185EFE1}.Release|Any CPU.ActiveCfg = Release|Any CPU
		{2834DAFD-EADE-4076-9D80-0827E185EFE1}.Release|Any CPU.Build.0 = Release|Any CPU
		{2834DAFD-EADE-4076-9D80-0827E185EFE1}.Release|x64.ActiveCfg = Release|Any CPU
		{2834DAFD-EADE-4076-9D80-0827E185EFE1}.Release|x64.Build.0 = Release|Any CPU
		{2834DAFD-EADE-4076-9D80-0827E185EFE1}.Release|x86.ActiveCfg = Release|Any CPU
		{2834DAFD-EADE-4076-9D80-0827E185EFE1}.Release|x86.Build.0 = Release|Any CPU
		{2834DAFD-EADE-4076-9D80-0827E185EFE1}.Stage|Any CPU.ActiveCfg = Debug|Any CPU
		{2834DAFD-EADE-4076-9D80-0827E185EFE1}.Stage|Any CPU.Build.0 = Debug|Any CPU
		{2834DAFD-EADE-4076-9D80-0827E185EFE1}.Stage|x64.ActiveCfg = Debug|Any CPU
		{2834DAFD-EADE-4076-9D80-0827E185EFE1}.Stage|x86.ActiveCfg = Release|Any CPU
		{2834DAFD-EADE-4076-9D80-0827E185EFE1}.Stage|x86.Build.0 = Release|Any CPU
		{2834DAFD-EADE-4076-9D80-0827E185EFE1}.x86Only|Any CPU.ActiveCfg = Release|Any CPU
		{2834DAFD-EADE-4076-9D80-0827E185EFE1}.x86Only|Any CPU.Build.0 = Release|Any CPU
		{2834DAFD-EADE-4076-9D80-0827E185EFE1}.x86Only|x64.ActiveCfg = Release|Any CPU
		{2834DAFD-EADE-4076-9D80-0827E185EFE1}.x86Only|x64.Build.0 = Release|Any CPU
		{2834DAFD-EADE-4076-9D80-0827E185EFE1}.x86Only|x86.ActiveCfg = Release|Any CPU
		{2834DAFD-EADE-4076-9D80-0827E185EFE1}.x86Only|x86.Build.0 = Release|Any CPU
		{1E264E84-82F5-4E8F-9847-4EE0CB8F5117}.Debug|Any CPU.ActiveCfg = Debug|Any CPU
		{1E264E84-82F5-4E8F-9847-4EE0CB8F5117}.Debug|Any CPU.Build.0 = Debug|Any CPU
		{1E264E84-82F5-4E8F-9847-4EE0CB8F5117}.Debug|x64.ActiveCfg = Debug|Any CPU
		{1E264E84-82F5-4E8F-9847-4EE0CB8F5117}.Debug|x64.Build.0 = Debug|Any CPU
		{1E264E84-82F5-4E8F-9847-4EE0CB8F5117}.Debug|x86.ActiveCfg = Debug|Any CPU
		{1E264E84-82F5-4E8F-9847-4EE0CB8F5117}.Debug|x86.Build.0 = Debug|Any CPU
		{1E264E84-82F5-4E8F-9847-4EE0CB8F5117}.Release|Any CPU.ActiveCfg = Release|Any CPU
		{1E264E84-82F5-4E8F-9847-4EE0CB8F5117}.Release|Any CPU.Build.0 = Release|Any CPU
		{1E264E84-82F5-4E8F-9847-4EE0CB8F5117}.Release|x64.ActiveCfg = Release|Any CPU
		{1E264E84-82F5-4E8F-9847-4EE0CB8F5117}.Release|x64.Build.0 = Release|Any CPU
		{1E264E84-82F5-4E8F-9847-4EE0CB8F5117}.Release|x86.ActiveCfg = Release|Any CPU
		{1E264E84-82F5-4E8F-9847-4EE0CB8F5117}.Release|x86.Build.0 = Release|Any CPU
		{1E264E84-82F5-4E8F-9847-4EE0CB8F5117}.Stage|Any CPU.ActiveCfg = Debug|Any CPU
		{1E264E84-82F5-4E8F-9847-4EE0CB8F5117}.Stage|Any CPU.Build.0 = Debug|Any CPU
		{1E264E84-82F5-4E8F-9847-4EE0CB8F5117}.Stage|x64.ActiveCfg = Debug|Any CPU
		{1E264E84-82F5-4E8F-9847-4EE0CB8F5117}.Stage|x86.ActiveCfg = Release|Any CPU
		{1E264E84-82F5-4E8F-9847-4EE0CB8F5117}.Stage|x86.Build.0 = Release|Any CPU
		{1E264E84-82F5-4E8F-9847-4EE0CB8F5117}.x86Only|Any CPU.ActiveCfg = Release|Any CPU
		{1E264E84-82F5-4E8F-9847-4EE0CB8F5117}.x86Only|Any CPU.Build.0 = Release|Any CPU
		{1E264E84-82F5-4E8F-9847-4EE0CB8F5117}.x86Only|x64.ActiveCfg = Release|Any CPU
		{1E264E84-82F5-4E8F-9847-4EE0CB8F5117}.x86Only|x64.Build.0 = Release|Any CPU
		{1E264E84-82F5-4E8F-9847-4EE0CB8F5117}.x86Only|x86.ActiveCfg = Release|Any CPU
		{1E264E84-82F5-4E8F-9847-4EE0CB8F5117}.x86Only|x86.Build.0 = Release|Any CPU
		{1E06F060-4BA2-45B7-8340-C166C9B2B830}.Debug|Any CPU.ActiveCfg = Debug|Any CPU
		{1E06F060-4BA2-45B7-8340-C166C9B2B830}.Debug|Any CPU.Build.0 = Debug|Any CPU
		{1E06F060-4BA2-45B7-8340-C166C9B2B830}.Debug|x64.ActiveCfg = Debug|Any CPU
		{1E06F060-4BA2-45B7-8340-C166C9B2B830}.Debug|x64.Build.0 = Debug|Any CPU
		{1E06F060-4BA2-45B7-8340-C166C9B2B830}.Debug|x86.ActiveCfg = Debug|Any CPU
		{1E06F060-4BA2-45B7-8340-C166C9B2B830}.Debug|x86.Build.0 = Debug|Any CPU
		{1E06F060-4BA2-45B7-8340-C166C9B2B830}.Release|Any CPU.ActiveCfg = Release|Any CPU
		{1E06F060-4BA2-45B7-8340-C166C9B2B830}.Release|Any CPU.Build.0 = Release|Any CPU
		{1E06F060-4BA2-45B7-8340-C166C9B2B830}.Release|x64.ActiveCfg = Release|Any CPU
		{1E06F060-4BA2-45B7-8340-C166C9B2B830}.Release|x64.Build.0 = Release|Any CPU
		{1E06F060-4BA2-45B7-8340-C166C9B2B830}.Release|x86.ActiveCfg = Release|Any CPU
		{1E06F060-4BA2-45B7-8340-C166C9B2B830}.Release|x86.Build.0 = Release|Any CPU
		{1E06F060-4BA2-45B7-8340-C166C9B2B830}.Stage|Any CPU.ActiveCfg = Stage|Any CPU
		{1E06F060-4BA2-45B7-8340-C166C9B2B830}.Stage|Any CPU.Build.0 = Stage|Any CPU
		{1E06F060-4BA2-45B7-8340-C166C9B2B830}.Stage|x64.ActiveCfg = Stage|Any CPU
		{1E06F060-4BA2-45B7-8340-C166C9B2B830}.Stage|x64.Build.0 = Stage|Any CPU
		{1E06F060-4BA2-45B7-8340-C166C9B2B830}.Stage|x86.ActiveCfg = Release|Any CPU
		{1E06F060-4BA2-45B7-8340-C166C9B2B830}.Stage|x86.Build.0 = Release|Any CPU
		{1E06F060-4BA2-45B7-8340-C166C9B2B830}.x86Only|Any CPU.ActiveCfg = Release|Any CPU
		{1E06F060-4BA2-45B7-8340-C166C9B2B830}.x86Only|Any CPU.Build.0 = Release|Any CPU
		{1E06F060-4BA2-45B7-8340-C166C9B2B830}.x86Only|x64.ActiveCfg = Stage|Any CPU
		{1E06F060-4BA2-45B7-8340-C166C9B2B830}.x86Only|x64.Build.0 = Stage|Any CPU
		{1E06F060-4BA2-45B7-8340-C166C9B2B830}.x86Only|x86.ActiveCfg = Release|Any CPU
		{1E06F060-4BA2-45B7-8340-C166C9B2B830}.x86Only|x86.Build.0 = Release|Any CPU
		{643D19BF-1C1F-4967-B322-823EDE73D2B8}.Debug|Any CPU.ActiveCfg = Debug|Any CPU
		{643D19BF-1C1F-4967-B322-823EDE73D2B8}.Debug|Any CPU.Build.0 = Debug|Any CPU
		{643D19BF-1C1F-4967-B322-823EDE73D2B8}.Debug|x64.ActiveCfg = Debug|Any CPU
		{643D19BF-1C1F-4967-B322-823EDE73D2B8}.Debug|x64.Build.0 = Debug|Any CPU
		{643D19BF-1C1F-4967-B322-823EDE73D2B8}.Debug|x86.ActiveCfg = Debug|Any CPU
		{643D19BF-1C1F-4967-B322-823EDE73D2B8}.Debug|x86.Build.0 = Debug|Any CPU
		{643D19BF-1C1F-4967-B322-823EDE73D2B8}.Release|Any CPU.ActiveCfg = Release|Any CPU
		{643D19BF-1C1F-4967-B322-823EDE73D2B8}.Release|x64.ActiveCfg = Release|Any CPU
		{643D19BF-1C1F-4967-B322-823EDE73D2B8}.Release|x64.Build.0 = Release|Any CPU
		{643D19BF-1C1F-4967-B322-823EDE73D2B8}.Release|x86.ActiveCfg = Release|Any CPU
		{643D19BF-1C1F-4967-B322-823EDE73D2B8}.Release|x86.Build.0 = Release|Any CPU
		{643D19BF-1C1F-4967-B322-823EDE73D2B8}.Stage|Any CPU.ActiveCfg = Stage|Any CPU
		{643D19BF-1C1F-4967-B322-823EDE73D2B8}.Stage|x64.ActiveCfg = Stage|Any CPU
		{643D19BF-1C1F-4967-B322-823EDE73D2B8}.Stage|x86.ActiveCfg = Release|Any CPU
		{643D19BF-1C1F-4967-B322-823EDE73D2B8}.Stage|x86.Build.0 = Release|Any CPU
		{643D19BF-1C1F-4967-B322-823EDE73D2B8}.x86Only|Any CPU.ActiveCfg = Release|Any CPU
		{643D19BF-1C1F-4967-B322-823EDE73D2B8}.x86Only|x64.ActiveCfg = Stage|Any CPU
		{643D19BF-1C1F-4967-B322-823EDE73D2B8}.x86Only|x64.Build.0 = Stage|Any CPU
		{643D19BF-1C1F-4967-B322-823EDE73D2B8}.x86Only|x86.ActiveCfg = Release|Any CPU
		{643D19BF-1C1F-4967-B322-823EDE73D2B8}.x86Only|x86.Build.0 = Release|Any CPU
		{0AE201D3-CE5B-404F-8C25-36BD929E1D19}.Debug|Any CPU.ActiveCfg = Debug|Any CPU
		{0AE201D3-CE5B-404F-8C25-36BD929E1D19}.Debug|Any CPU.Build.0 = Debug|Any CPU
		{0AE201D3-CE5B-404F-8C25-36BD929E1D19}.Debug|x64.ActiveCfg = Debug|Any CPU
		{0AE201D3-CE5B-404F-8C25-36BD929E1D19}.Debug|x64.Build.0 = Debug|Any CPU
		{0AE201D3-CE5B-404F-8C25-36BD929E1D19}.Debug|x86.ActiveCfg = Debug|Any CPU
		{0AE201D3-CE5B-404F-8C25-36BD929E1D19}.Debug|x86.Build.0 = Debug|Any CPU
		{0AE201D3-CE5B-404F-8C25-36BD929E1D19}.Release|Any CPU.ActiveCfg = Release|Any CPU
		{0AE201D3-CE5B-404F-8C25-36BD929E1D19}.Release|x64.ActiveCfg = Release|Any CPU
		{0AE201D3-CE5B-404F-8C25-36BD929E1D19}.Release|x64.Build.0 = Release|Any CPU
		{0AE201D3-CE5B-404F-8C25-36BD929E1D19}.Release|x86.ActiveCfg = Release|Any CPU
		{0AE201D3-CE5B-404F-8C25-36BD929E1D19}.Release|x86.Build.0 = Release|Any CPU
		{0AE201D3-CE5B-404F-8C25-36BD929E1D19}.Stage|Any CPU.ActiveCfg = Debug|Any CPU
		{0AE201D3-CE5B-404F-8C25-36BD929E1D19}.Stage|Any CPU.Build.0 = Debug|Any CPU
		{0AE201D3-CE5B-404F-8C25-36BD929E1D19}.Stage|x64.ActiveCfg = Debug|Any CPU
		{0AE201D3-CE5B-404F-8C25-36BD929E1D19}.Stage|x64.Build.0 = Debug|Any CPU
		{0AE201D3-CE5B-404F-8C25-36BD929E1D19}.Stage|x86.ActiveCfg = Release|Any CPU
		{0AE201D3-CE5B-404F-8C25-36BD929E1D19}.Stage|x86.Build.0 = Release|Any CPU
		{0AE201D3-CE5B-404F-8C25-36BD929E1D19}.x86Only|Any CPU.ActiveCfg = Release|Any CPU
		{0AE201D3-CE5B-404F-8C25-36BD929E1D19}.x86Only|Any CPU.Build.0 = Release|Any CPU
		{0AE201D3-CE5B-404F-8C25-36BD929E1D19}.x86Only|x64.ActiveCfg = Release|Any CPU
		{0AE201D3-CE5B-404F-8C25-36BD929E1D19}.x86Only|x64.Build.0 = Release|Any CPU
		{0AE201D3-CE5B-404F-8C25-36BD929E1D19}.x86Only|x86.ActiveCfg = Release|Any CPU
		{0AE201D3-CE5B-404F-8C25-36BD929E1D19}.x86Only|x86.Build.0 = Release|Any CPU
		{0CFFB433-12E2-43E9-9A56-9CAA5971E23D}.Debug|Any CPU.ActiveCfg = Debug|Any CPU
		{0CFFB433-12E2-43E9-9A56-9CAA5971E23D}.Debug|Any CPU.Build.0 = Debug|Any CPU
		{0CFFB433-12E2-43E9-9A56-9CAA5971E23D}.Debug|x64.ActiveCfg = Debug|Any CPU
		{0CFFB433-12E2-43E9-9A56-9CAA5971E23D}.Debug|x64.Build.0 = Debug|Any CPU
		{0CFFB433-12E2-43E9-9A56-9CAA5971E23D}.Debug|x86.ActiveCfg = Debug|Any CPU
		{0CFFB433-12E2-43E9-9A56-9CAA5971E23D}.Debug|x86.Build.0 = Debug|Any CPU
		{0CFFB433-12E2-43E9-9A56-9CAA5971E23D}.Release|Any CPU.ActiveCfg = Release|Any CPU
		{0CFFB433-12E2-43E9-9A56-9CAA5971E23D}.Release|x64.ActiveCfg = Release|Any CPU
		{0CFFB433-12E2-43E9-9A56-9CAA5971E23D}.Release|x64.Build.0 = Release|Any CPU
		{0CFFB433-12E2-43E9-9A56-9CAA5971E23D}.Release|x86.ActiveCfg = Release|Any CPU
		{0CFFB433-12E2-43E9-9A56-9CAA5971E23D}.Release|x86.Build.0 = Release|Any CPU
		{0CFFB433-12E2-43E9-9A56-9CAA5971E23D}.Stage|Any CPU.ActiveCfg = Debug|Any CPU
		{0CFFB433-12E2-43E9-9A56-9CAA5971E23D}.Stage|Any CPU.Build.0 = Debug|Any CPU
		{0CFFB433-12E2-43E9-9A56-9CAA5971E23D}.Stage|x64.ActiveCfg = Debug|Any CPU
		{0CFFB433-12E2-43E9-9A56-9CAA5971E23D}.Stage|x64.Build.0 = Debug|Any CPU
		{0CFFB433-12E2-43E9-9A56-9CAA5971E23D}.Stage|x86.ActiveCfg = Release|Any CPU
		{0CFFB433-12E2-43E9-9A56-9CAA5971E23D}.Stage|x86.Build.0 = Release|Any CPU
		{0CFFB433-12E2-43E9-9A56-9CAA5971E23D}.x86Only|Any CPU.ActiveCfg = Release|Any CPU
		{0CFFB433-12E2-43E9-9A56-9CAA5971E23D}.x86Only|Any CPU.Build.0 = Release|Any CPU
		{0CFFB433-12E2-43E9-9A56-9CAA5971E23D}.x86Only|x64.ActiveCfg = Release|Any CPU
		{0CFFB433-12E2-43E9-9A56-9CAA5971E23D}.x86Only|x64.Build.0 = Release|Any CPU
		{0CFFB433-12E2-43E9-9A56-9CAA5971E23D}.x86Only|x86.ActiveCfg = Release|Any CPU
		{0CFFB433-12E2-43E9-9A56-9CAA5971E23D}.x86Only|x86.Build.0 = Release|Any CPU
		{304892DD-28B3-4D3A-A37A-6494C8E0F14F}.Debug|Any CPU.ActiveCfg = Debug|Any CPU
		{304892DD-28B3-4D3A-A37A-6494C8E0F14F}.Debug|Any CPU.Build.0 = Debug|Any CPU
		{304892DD-28B3-4D3A-A37A-6494C8E0F14F}.Debug|x64.ActiveCfg = Debug|Any CPU
		{304892DD-28B3-4D3A-A37A-6494C8E0F14F}.Debug|x64.Build.0 = Debug|Any CPU
		{304892DD-28B3-4D3A-A37A-6494C8E0F14F}.Debug|x86.ActiveCfg = Debug|Any CPU
		{304892DD-28B3-4D3A-A37A-6494C8E0F14F}.Debug|x86.Build.0 = Debug|Any CPU
		{304892DD-28B3-4D3A-A37A-6494C8E0F14F}.Release|Any CPU.ActiveCfg = Release|Any CPU
		{304892DD-28B3-4D3A-A37A-6494C8E0F14F}.Release|Any CPU.Build.0 = Release|Any CPU
		{304892DD-28B3-4D3A-A37A-6494C8E0F14F}.Release|x64.ActiveCfg = Release|Any CPU
		{304892DD-28B3-4D3A-A37A-6494C8E0F14F}.Release|x64.Build.0 = Release|Any CPU
		{304892DD-28B3-4D3A-A37A-6494C8E0F14F}.Release|x86.ActiveCfg = Release|Any CPU
		{304892DD-28B3-4D3A-A37A-6494C8E0F14F}.Release|x86.Build.0 = Release|Any CPU
		{304892DD-28B3-4D3A-A37A-6494C8E0F14F}.Stage|Any CPU.ActiveCfg = Debug|Any CPU
		{304892DD-28B3-4D3A-A37A-6494C8E0F14F}.Stage|Any CPU.Build.0 = Debug|Any CPU
		{304892DD-28B3-4D3A-A37A-6494C8E0F14F}.Stage|x64.ActiveCfg = Release|Any CPU
		{304892DD-28B3-4D3A-A37A-6494C8E0F14F}.Stage|x64.Build.0 = Release|Any CPU
		{304892DD-28B3-4D3A-A37A-6494C8E0F14F}.Stage|x86.ActiveCfg = Release|Any CPU
		{304892DD-28B3-4D3A-A37A-6494C8E0F14F}.Stage|x86.Build.0 = Release|Any CPU
		{304892DD-28B3-4D3A-A37A-6494C8E0F14F}.x86Only|Any CPU.ActiveCfg = Release|Any CPU
		{304892DD-28B3-4D3A-A37A-6494C8E0F14F}.x86Only|Any CPU.Build.0 = Release|Any CPU
		{304892DD-28B3-4D3A-A37A-6494C8E0F14F}.x86Only|x64.ActiveCfg = Release|Any CPU
		{304892DD-28B3-4D3A-A37A-6494C8E0F14F}.x86Only|x64.Build.0 = Release|Any CPU
		{304892DD-28B3-4D3A-A37A-6494C8E0F14F}.x86Only|x86.ActiveCfg = Release|Any CPU
		{304892DD-28B3-4D3A-A37A-6494C8E0F14F}.x86Only|x86.Build.0 = Release|Any CPU
		{6FE2EA1E-85E3-4969-BE6C-C08C9BA9029A}.Debug|Any CPU.ActiveCfg = Debug|Any CPU
		{6FE2EA1E-85E3-4969-BE6C-C08C9BA9029A}.Debug|Any CPU.Build.0 = Debug|Any CPU
		{6FE2EA1E-85E3-4969-BE6C-C08C9BA9029A}.Debug|x64.ActiveCfg = Debug|Any CPU
		{6FE2EA1E-85E3-4969-BE6C-C08C9BA9029A}.Debug|x64.Build.0 = Debug|Any CPU
		{6FE2EA1E-85E3-4969-BE6C-C08C9BA9029A}.Debug|x86.ActiveCfg = Debug|Any CPU
		{6FE2EA1E-85E3-4969-BE6C-C08C9BA9029A}.Debug|x86.Build.0 = Debug|Any CPU
		{6FE2EA1E-85E3-4969-BE6C-C08C9BA9029A}.Release|Any CPU.ActiveCfg = Release|Any CPU
		{6FE2EA1E-85E3-4969-BE6C-C08C9BA9029A}.Release|Any CPU.Build.0 = Release|Any CPU
		{6FE2EA1E-85E3-4969-BE6C-C08C9BA9029A}.Release|x64.ActiveCfg = Release|Any CPU
		{6FE2EA1E-85E3-4969-BE6C-C08C9BA9029A}.Release|x64.Build.0 = Release|Any CPU
		{6FE2EA1E-85E3-4969-BE6C-C08C9BA9029A}.Release|x86.ActiveCfg = Release|Any CPU
		{6FE2EA1E-85E3-4969-BE6C-C08C9BA9029A}.Release|x86.Build.0 = Release|Any CPU
		{6FE2EA1E-85E3-4969-BE6C-C08C9BA9029A}.Stage|Any CPU.ActiveCfg = Debug|Any CPU
		{6FE2EA1E-85E3-4969-BE6C-C08C9BA9029A}.Stage|Any CPU.Build.0 = Debug|Any CPU
		{6FE2EA1E-85E3-4969-BE6C-C08C9BA9029A}.Stage|x64.ActiveCfg = Debug|Any CPU
		{6FE2EA1E-85E3-4969-BE6C-C08C9BA9029A}.Stage|x64.Build.0 = Debug|Any CPU
		{6FE2EA1E-85E3-4969-BE6C-C08C9BA9029A}.Stage|x86.ActiveCfg = Release|Any CPU
		{6FE2EA1E-85E3-4969-BE6C-C08C9BA9029A}.Stage|x86.Build.0 = Release|Any CPU
		{6FE2EA1E-85E3-4969-BE6C-C08C9BA9029A}.x86Only|Any CPU.ActiveCfg = Release|Any CPU
		{6FE2EA1E-85E3-4969-BE6C-C08C9BA9029A}.x86Only|Any CPU.Build.0 = Release|Any CPU
		{6FE2EA1E-85E3-4969-BE6C-C08C9BA9029A}.x86Only|x64.ActiveCfg = Release|Any CPU
		{6FE2EA1E-85E3-4969-BE6C-C08C9BA9029A}.x86Only|x64.Build.0 = Release|Any CPU
		{6FE2EA1E-85E3-4969-BE6C-C08C9BA9029A}.x86Only|x86.ActiveCfg = Release|Any CPU
		{6FE2EA1E-85E3-4969-BE6C-C08C9BA9029A}.x86Only|x86.Build.0 = Release|Any CPU
		{C52D0051-0BD8-49AC-9D33-A68D44EEECCB}.Debug|Any CPU.ActiveCfg = Debug|Any CPU
		{C52D0051-0BD8-49AC-9D33-A68D44EEECCB}.Debug|Any CPU.Build.0 = Debug|Any CPU
		{C52D0051-0BD8-49AC-9D33-A68D44EEECCB}.Debug|x64.ActiveCfg = Debug|Any CPU
		{C52D0051-0BD8-49AC-9D33-A68D44EEECCB}.Debug|x64.Build.0 = Debug|Any CPU
		{C52D0051-0BD8-49AC-9D33-A68D44EEECCB}.Debug|x86.ActiveCfg = Debug|Any CPU
		{C52D0051-0BD8-49AC-9D33-A68D44EEECCB}.Debug|x86.Build.0 = Debug|Any CPU
		{C52D0051-0BD8-49AC-9D33-A68D44EEECCB}.Release|Any CPU.ActiveCfg = Release|Any CPU
		{C52D0051-0BD8-49AC-9D33-A68D44EEECCB}.Release|Any CPU.Build.0 = Release|Any CPU
		{C52D0051-0BD8-49AC-9D33-A68D44EEECCB}.Release|x64.ActiveCfg = Release|Any CPU
		{C52D0051-0BD8-49AC-9D33-A68D44EEECCB}.Release|x64.Build.0 = Release|Any CPU
		{C52D0051-0BD8-49AC-9D33-A68D44EEECCB}.Release|x86.ActiveCfg = Release|Any CPU
		{C52D0051-0BD8-49AC-9D33-A68D44EEECCB}.Release|x86.Build.0 = Release|Any CPU
		{C52D0051-0BD8-49AC-9D33-A68D44EEECCB}.Stage|Any CPU.ActiveCfg = Debug|Any CPU
		{C52D0051-0BD8-49AC-9D33-A68D44EEECCB}.Stage|Any CPU.Build.0 = Debug|Any CPU
		{C52D0051-0BD8-49AC-9D33-A68D44EEECCB}.Stage|x64.ActiveCfg = Debug|Any CPU
		{C52D0051-0BD8-49AC-9D33-A68D44EEECCB}.Stage|x64.Build.0 = Debug|Any CPU
		{C52D0051-0BD8-49AC-9D33-A68D44EEECCB}.Stage|x86.ActiveCfg = Release|Any CPU
		{C52D0051-0BD8-49AC-9D33-A68D44EEECCB}.Stage|x86.Build.0 = Release|Any CPU
		{C52D0051-0BD8-49AC-9D33-A68D44EEECCB}.x86Only|Any CPU.ActiveCfg = Release|Any CPU
		{C52D0051-0BD8-49AC-9D33-A68D44EEECCB}.x86Only|Any CPU.Build.0 = Release|Any CPU
		{C52D0051-0BD8-49AC-9D33-A68D44EEECCB}.x86Only|x64.ActiveCfg = Release|Any CPU
		{C52D0051-0BD8-49AC-9D33-A68D44EEECCB}.x86Only|x64.Build.0 = Release|Any CPU
		{C52D0051-0BD8-49AC-9D33-A68D44EEECCB}.x86Only|x86.ActiveCfg = Release|Any CPU
		{C52D0051-0BD8-49AC-9D33-A68D44EEECCB}.x86Only|x86.Build.0 = Release|Any CPU
		{BECFA974-D320-433A-AF91-84548D48E35F}.Debug|Any CPU.ActiveCfg = Debug|Any CPU
		{BECFA974-D320-433A-AF91-84548D48E35F}.Debug|Any CPU.Build.0 = Debug|Any CPU
		{BECFA974-D320-433A-AF91-84548D48E35F}.Debug|x64.ActiveCfg = Debug|Any CPU
		{BECFA974-D320-433A-AF91-84548D48E35F}.Debug|x64.Build.0 = Debug|Any CPU
		{BECFA974-D320-433A-AF91-84548D48E35F}.Debug|x86.ActiveCfg = Debug|Any CPU
		{BECFA974-D320-433A-AF91-84548D48E35F}.Debug|x86.Build.0 = Debug|Any CPU
		{BECFA974-D320-433A-AF91-84548D48E35F}.Release|Any CPU.ActiveCfg = Release|Any CPU
		{BECFA974-D320-433A-AF91-84548D48E35F}.Release|Any CPU.Build.0 = Release|Any CPU
		{BECFA974-D320-433A-AF91-84548D48E35F}.Release|x64.ActiveCfg = Release|Any CPU
		{BECFA974-D320-433A-AF91-84548D48E35F}.Release|x64.Build.0 = Release|Any CPU
		{BECFA974-D320-433A-AF91-84548D48E35F}.Release|x86.ActiveCfg = Release|Any CPU
		{BECFA974-D320-433A-AF91-84548D48E35F}.Release|x86.Build.0 = Release|Any CPU
		{BECFA974-D320-433A-AF91-84548D48E35F}.Stage|Any CPU.ActiveCfg = Debug|Any CPU
		{BECFA974-D320-433A-AF91-84548D48E35F}.Stage|Any CPU.Build.0 = Debug|Any CPU
		{BECFA974-D320-433A-AF91-84548D48E35F}.Stage|x64.ActiveCfg = Release|Any CPU
		{BECFA974-D320-433A-AF91-84548D48E35F}.Stage|x64.Build.0 = Release|Any CPU
		{BECFA974-D320-433A-AF91-84548D48E35F}.Stage|x86.ActiveCfg = Release|Any CPU
		{BECFA974-D320-433A-AF91-84548D48E35F}.Stage|x86.Build.0 = Release|Any CPU
		{BECFA974-D320-433A-AF91-84548D48E35F}.x86Only|Any CPU.ActiveCfg = Release|Any CPU
		{BECFA974-D320-433A-AF91-84548D48E35F}.x86Only|Any CPU.Build.0 = Release|Any CPU
		{BECFA974-D320-433A-AF91-84548D48E35F}.x86Only|x64.ActiveCfg = Release|Any CPU
		{BECFA974-D320-433A-AF91-84548D48E35F}.x86Only|x64.Build.0 = Release|Any CPU
		{BECFA974-D320-433A-AF91-84548D48E35F}.x86Only|x86.ActiveCfg = Release|Any CPU
		{BECFA974-D320-433A-AF91-84548D48E35F}.x86Only|x86.Build.0 = Release|Any CPU
		{8B58868A-10B5-436F-90F2-FC9C0D458C76}.Debug|Any CPU.ActiveCfg = Debug|Any CPU
		{8B58868A-10B5-436F-90F2-FC9C0D458C76}.Debug|Any CPU.Build.0 = Debug|Any CPU
		{8B58868A-10B5-436F-90F2-FC9C0D458C76}.Debug|x64.ActiveCfg = Debug|Any CPU
		{8B58868A-10B5-436F-90F2-FC9C0D458C76}.Debug|x64.Build.0 = Debug|Any CPU
		{8B58868A-10B5-436F-90F2-FC9C0D458C76}.Debug|x86.ActiveCfg = Debug|Any CPU
		{8B58868A-10B5-436F-90F2-FC9C0D458C76}.Debug|x86.Build.0 = Debug|Any CPU
		{8B58868A-10B5-436F-90F2-FC9C0D458C76}.Release|Any CPU.ActiveCfg = Release|Any CPU
		{8B58868A-10B5-436F-90F2-FC9C0D458C76}.Release|Any CPU.Build.0 = Release|Any CPU
		{8B58868A-10B5-436F-90F2-FC9C0D458C76}.Release|x64.ActiveCfg = Release|Any CPU
		{8B58868A-10B5-436F-90F2-FC9C0D458C76}.Release|x64.Build.0 = Release|Any CPU
		{8B58868A-10B5-436F-90F2-FC9C0D458C76}.Release|x86.ActiveCfg = Release|Any CPU
		{8B58868A-10B5-436F-90F2-FC9C0D458C76}.Release|x86.Build.0 = Release|Any CPU
		{8B58868A-10B5-436F-90F2-FC9C0D458C76}.Stage|Any CPU.ActiveCfg = Debug|Any CPU
		{8B58868A-10B5-436F-90F2-FC9C0D458C76}.Stage|Any CPU.Build.0 = Debug|Any CPU
		{8B58868A-10B5-436F-90F2-FC9C0D458C76}.Stage|x64.ActiveCfg = Release|Any CPU
		{8B58868A-10B5-436F-90F2-FC9C0D458C76}.Stage|x64.Build.0 = Release|Any CPU
		{8B58868A-10B5-436F-90F2-FC9C0D458C76}.Stage|x86.ActiveCfg = Release|Any CPU
		{8B58868A-10B5-436F-90F2-FC9C0D458C76}.Stage|x86.Build.0 = Release|Any CPU
		{8B58868A-10B5-436F-90F2-FC9C0D458C76}.x86Only|Any CPU.ActiveCfg = Release|Any CPU
		{8B58868A-10B5-436F-90F2-FC9C0D458C76}.x86Only|Any CPU.Build.0 = Release|Any CPU
		{8B58868A-10B5-436F-90F2-FC9C0D458C76}.x86Only|x64.ActiveCfg = Release|Any CPU
		{8B58868A-10B5-436F-90F2-FC9C0D458C76}.x86Only|x64.Build.0 = Release|Any CPU
		{8B58868A-10B5-436F-90F2-FC9C0D458C76}.x86Only|x86.ActiveCfg = Release|Any CPU
		{8B58868A-10B5-436F-90F2-FC9C0D458C76}.x86Only|x86.Build.0 = Release|Any CPU
		{DDA06DE1-D9AC-4CFF-92D8-A7D051779CFF}.Debug|Any CPU.ActiveCfg = Debug|Any CPU
		{DDA06DE1-D9AC-4CFF-92D8-A7D051779CFF}.Debug|Any CPU.Build.0 = Debug|Any CPU
		{DDA06DE1-D9AC-4CFF-92D8-A7D051779CFF}.Debug|x64.ActiveCfg = Debug|Any CPU
		{DDA06DE1-D9AC-4CFF-92D8-A7D051779CFF}.Debug|x64.Build.0 = Debug|Any CPU
		{DDA06DE1-D9AC-4CFF-92D8-A7D051779CFF}.Debug|x86.ActiveCfg = Debug|Any CPU
		{DDA06DE1-D9AC-4CFF-92D8-A7D051779CFF}.Debug|x86.Build.0 = Debug|Any CPU
		{DDA06DE1-D9AC-4CFF-92D8-A7D051779CFF}.Release|Any CPU.ActiveCfg = Release|Any CPU
		{DDA06DE1-D9AC-4CFF-92D8-A7D051779CFF}.Release|Any CPU.Build.0 = Release|Any CPU
		{DDA06DE1-D9AC-4CFF-92D8-A7D051779CFF}.Release|x64.ActiveCfg = Release|Any CPU
		{DDA06DE1-D9AC-4CFF-92D8-A7D051779CFF}.Release|x64.Build.0 = Release|Any CPU
		{DDA06DE1-D9AC-4CFF-92D8-A7D051779CFF}.Release|x86.ActiveCfg = Release|Any CPU
		{DDA06DE1-D9AC-4CFF-92D8-A7D051779CFF}.Release|x86.Build.0 = Release|Any CPU
		{DDA06DE1-D9AC-4CFF-92D8-A7D051779CFF}.Stage|Any CPU.ActiveCfg = Stage|Any CPU
		{DDA06DE1-D9AC-4CFF-92D8-A7D051779CFF}.Stage|Any CPU.Build.0 = Stage|Any CPU
		{DDA06DE1-D9AC-4CFF-92D8-A7D051779CFF}.Stage|x64.ActiveCfg = Stage|Any CPU
		{DDA06DE1-D9AC-4CFF-92D8-A7D051779CFF}.Stage|x64.Build.0 = Stage|Any CPU
		{DDA06DE1-D9AC-4CFF-92D8-A7D051779CFF}.Stage|x86.ActiveCfg = Stage|Any CPU
		{DDA06DE1-D9AC-4CFF-92D8-A7D051779CFF}.Stage|x86.Build.0 = Stage|Any CPU
		{DDA06DE1-D9AC-4CFF-92D8-A7D051779CFF}.x86Only|Any CPU.ActiveCfg = Stage|Any CPU
		{DDA06DE1-D9AC-4CFF-92D8-A7D051779CFF}.x86Only|Any CPU.Build.0 = Stage|Any CPU
		{DDA06DE1-D9AC-4CFF-92D8-A7D051779CFF}.x86Only|x64.ActiveCfg = Stage|Any CPU
		{DDA06DE1-D9AC-4CFF-92D8-A7D051779CFF}.x86Only|x64.Build.0 = Stage|Any CPU
		{DDA06DE1-D9AC-4CFF-92D8-A7D051779CFF}.x86Only|x86.ActiveCfg = Stage|Any CPU
		{DDA06DE1-D9AC-4CFF-92D8-A7D051779CFF}.x86Only|x86.Build.0 = Stage|Any CPU
		{DC73BDE9-FF0A-490A-8761-8734592246D1}.Debug|Any CPU.ActiveCfg = Debug|Any CPU
		{DC73BDE9-FF0A-490A-8761-8734592246D1}.Debug|Any CPU.Build.0 = Debug|Any CPU
		{DC73BDE9-FF0A-490A-8761-8734592246D1}.Debug|x64.ActiveCfg = Debug|Any CPU
		{DC73BDE9-FF0A-490A-8761-8734592246D1}.Debug|x64.Build.0 = Debug|Any CPU
		{DC73BDE9-FF0A-490A-8761-8734592246D1}.Debug|x86.ActiveCfg = Debug|Any CPU
		{DC73BDE9-FF0A-490A-8761-8734592246D1}.Debug|x86.Build.0 = Debug|Any CPU
		{DC73BDE9-FF0A-490A-8761-8734592246D1}.Release|Any CPU.ActiveCfg = Release|Any CPU
		{DC73BDE9-FF0A-490A-8761-8734592246D1}.Release|Any CPU.Build.0 = Release|Any CPU
		{DC73BDE9-FF0A-490A-8761-8734592246D1}.Release|x64.ActiveCfg = Release|Any CPU
		{DC73BDE9-FF0A-490A-8761-8734592246D1}.Release|x64.Build.0 = Release|Any CPU
		{DC73BDE9-FF0A-490A-8761-8734592246D1}.Release|x86.ActiveCfg = Release|Any CPU
		{DC73BDE9-FF0A-490A-8761-8734592246D1}.Release|x86.Build.0 = Release|Any CPU
		{DC73BDE9-FF0A-490A-8761-8734592246D1}.Stage|Any CPU.ActiveCfg = Stage|Any CPU
		{DC73BDE9-FF0A-490A-8761-8734592246D1}.Stage|Any CPU.Build.0 = Stage|Any CPU
		{DC73BDE9-FF0A-490A-8761-8734592246D1}.Stage|x64.ActiveCfg = Stage|Any CPU
		{DC73BDE9-FF0A-490A-8761-8734592246D1}.Stage|x64.Build.0 = Stage|Any CPU
		{DC73BDE9-FF0A-490A-8761-8734592246D1}.Stage|x86.ActiveCfg = Stage|Any CPU
		{DC73BDE9-FF0A-490A-8761-8734592246D1}.Stage|x86.Build.0 = Stage|Any CPU
		{DC73BDE9-FF0A-490A-8761-8734592246D1}.x86Only|Any CPU.ActiveCfg = Stage|Any CPU
		{DC73BDE9-FF0A-490A-8761-8734592246D1}.x86Only|Any CPU.Build.0 = Stage|Any CPU
		{DC73BDE9-FF0A-490A-8761-8734592246D1}.x86Only|x64.ActiveCfg = Stage|Any CPU
		{DC73BDE9-FF0A-490A-8761-8734592246D1}.x86Only|x64.Build.0 = Stage|Any CPU
		{DC73BDE9-FF0A-490A-8761-8734592246D1}.x86Only|x86.ActiveCfg = Stage|Any CPU
		{DC73BDE9-FF0A-490A-8761-8734592246D1}.x86Only|x86.Build.0 = Stage|Any CPU
		{68BD6A30-CB86-42E1-945D-F14DFC4F9439}.Debug|Any CPU.ActiveCfg = Debug|Any CPU
		{68BD6A30-CB86-42E1-945D-F14DFC4F9439}.Debug|Any CPU.Build.0 = Debug|Any CPU
		{68BD6A30-CB86-42E1-945D-F14DFC4F9439}.Debug|x64.ActiveCfg = Debug|Any CPU
		{68BD6A30-CB86-42E1-945D-F14DFC4F9439}.Debug|x64.Build.0 = Debug|Any CPU
		{68BD6A30-CB86-42E1-945D-F14DFC4F9439}.Debug|x86.ActiveCfg = Debug|Any CPU
		{68BD6A30-CB86-42E1-945D-F14DFC4F9439}.Debug|x86.Build.0 = Debug|Any CPU
		{68BD6A30-CB86-42E1-945D-F14DFC4F9439}.Release|Any CPU.ActiveCfg = Release|Any CPU
		{68BD6A30-CB86-42E1-945D-F14DFC4F9439}.Release|Any CPU.Build.0 = Release|Any CPU
		{68BD6A30-CB86-42E1-945D-F14DFC4F9439}.Release|x64.ActiveCfg = Release|Any CPU
		{68BD6A30-CB86-42E1-945D-F14DFC4F9439}.Release|x64.Build.0 = Release|Any CPU
		{68BD6A30-CB86-42E1-945D-F14DFC4F9439}.Release|x86.ActiveCfg = Release|Any CPU
		{68BD6A30-CB86-42E1-945D-F14DFC4F9439}.Release|x86.Build.0 = Release|Any CPU
		{68BD6A30-CB86-42E1-945D-F14DFC4F9439}.Stage|Any CPU.ActiveCfg = Debug|Any CPU
		{68BD6A30-CB86-42E1-945D-F14DFC4F9439}.Stage|Any CPU.Build.0 = Debug|Any CPU
		{68BD6A30-CB86-42E1-945D-F14DFC4F9439}.Stage|x64.ActiveCfg = Release|Any CPU
		{68BD6A30-CB86-42E1-945D-F14DFC4F9439}.Stage|x64.Build.0 = Release|Any CPU
		{68BD6A30-CB86-42E1-945D-F14DFC4F9439}.Stage|x86.ActiveCfg = Release|Any CPU
		{68BD6A30-CB86-42E1-945D-F14DFC4F9439}.Stage|x86.Build.0 = Release|Any CPU
		{68BD6A30-CB86-42E1-945D-F14DFC4F9439}.x86Only|Any CPU.ActiveCfg = Release|Any CPU
		{68BD6A30-CB86-42E1-945D-F14DFC4F9439}.x86Only|Any CPU.Build.0 = Release|Any CPU
		{68BD6A30-CB86-42E1-945D-F14DFC4F9439}.x86Only|x64.ActiveCfg = Release|Any CPU
		{68BD6A30-CB86-42E1-945D-F14DFC4F9439}.x86Only|x64.Build.0 = Release|Any CPU
		{68BD6A30-CB86-42E1-945D-F14DFC4F9439}.x86Only|x86.ActiveCfg = Release|Any CPU
		{68BD6A30-CB86-42E1-945D-F14DFC4F9439}.x86Only|x86.Build.0 = Release|Any CPU
		{18CDEB72-04C2-45F2-9BD4-B1676AA0CA07}.Debug|Any CPU.ActiveCfg = Debug|Any CPU
		{18CDEB72-04C2-45F2-9BD4-B1676AA0CA07}.Debug|Any CPU.Build.0 = Debug|Any CPU
		{18CDEB72-04C2-45F2-9BD4-B1676AA0CA07}.Debug|x64.ActiveCfg = Debug|Any CPU
		{18CDEB72-04C2-45F2-9BD4-B1676AA0CA07}.Debug|x64.Build.0 = Debug|Any CPU
		{18CDEB72-04C2-45F2-9BD4-B1676AA0CA07}.Debug|x86.ActiveCfg = Debug|Any CPU
		{18CDEB72-04C2-45F2-9BD4-B1676AA0CA07}.Debug|x86.Build.0 = Debug|Any CPU
		{18CDEB72-04C2-45F2-9BD4-B1676AA0CA07}.Release|Any CPU.ActiveCfg = Release|Any CPU
		{18CDEB72-04C2-45F2-9BD4-B1676AA0CA07}.Release|Any CPU.Build.0 = Release|Any CPU
		{18CDEB72-04C2-45F2-9BD4-B1676AA0CA07}.Release|x64.ActiveCfg = Release|Any CPU
		{18CDEB72-04C2-45F2-9BD4-B1676AA0CA07}.Release|x64.Build.0 = Release|Any CPU
		{18CDEB72-04C2-45F2-9BD4-B1676AA0CA07}.Release|x86.ActiveCfg = Release|Any CPU
		{18CDEB72-04C2-45F2-9BD4-B1676AA0CA07}.Release|x86.Build.0 = Release|Any CPU
		{18CDEB72-04C2-45F2-9BD4-B1676AA0CA07}.Stage|Any CPU.ActiveCfg = Debug|Any CPU
		{18CDEB72-04C2-45F2-9BD4-B1676AA0CA07}.Stage|Any CPU.Build.0 = Debug|Any CPU
		{18CDEB72-04C2-45F2-9BD4-B1676AA0CA07}.Stage|x64.ActiveCfg = Debug|Any CPU
		{18CDEB72-04C2-45F2-9BD4-B1676AA0CA07}.Stage|x64.Build.0 = Debug|Any CPU
		{18CDEB72-04C2-45F2-9BD4-B1676AA0CA07}.Stage|x86.ActiveCfg = Release|Any CPU
		{18CDEB72-04C2-45F2-9BD4-B1676AA0CA07}.Stage|x86.Build.0 = Release|Any CPU
		{18CDEB72-04C2-45F2-9BD4-B1676AA0CA07}.x86Only|Any CPU.ActiveCfg = Release|Any CPU
		{18CDEB72-04C2-45F2-9BD4-B1676AA0CA07}.x86Only|Any CPU.Build.0 = Release|Any CPU
		{18CDEB72-04C2-45F2-9BD4-B1676AA0CA07}.x86Only|x64.ActiveCfg = Release|Any CPU
		{18CDEB72-04C2-45F2-9BD4-B1676AA0CA07}.x86Only|x64.Build.0 = Release|Any CPU
		{18CDEB72-04C2-45F2-9BD4-B1676AA0CA07}.x86Only|x86.ActiveCfg = Release|Any CPU
		{18CDEB72-04C2-45F2-9BD4-B1676AA0CA07}.x86Only|x86.Build.0 = Release|Any CPU
		{66EC3823-25A4-406F-A1FC-A6BF1938DE38}.Debug|Any CPU.ActiveCfg = Debug|Any CPU
		{66EC3823-25A4-406F-A1FC-A6BF1938DE38}.Debug|Any CPU.Build.0 = Debug|Any CPU
		{66EC3823-25A4-406F-A1FC-A6BF1938DE38}.Debug|x64.ActiveCfg = Debug|Any CPU
		{66EC3823-25A4-406F-A1FC-A6BF1938DE38}.Debug|x64.Build.0 = Debug|Any CPU
		{66EC3823-25A4-406F-A1FC-A6BF1938DE38}.Debug|x86.ActiveCfg = Debug|Any CPU
		{66EC3823-25A4-406F-A1FC-A6BF1938DE38}.Debug|x86.Build.0 = Debug|Any CPU
		{66EC3823-25A4-406F-A1FC-A6BF1938DE38}.Release|Any CPU.ActiveCfg = Release|Any CPU
		{66EC3823-25A4-406F-A1FC-A6BF1938DE38}.Release|x64.ActiveCfg = Release|Any CPU
		{66EC3823-25A4-406F-A1FC-A6BF1938DE38}.Release|x64.Build.0 = Release|Any CPU
		{66EC3823-25A4-406F-A1FC-A6BF1938DE38}.Release|x86.ActiveCfg = Release|Any CPU
		{66EC3823-25A4-406F-A1FC-A6BF1938DE38}.Release|x86.Build.0 = Release|Any CPU
		{66EC3823-25A4-406F-A1FC-A6BF1938DE38}.Stage|Any CPU.ActiveCfg = Debug|Any CPU
		{66EC3823-25A4-406F-A1FC-A6BF1938DE38}.Stage|Any CPU.Build.0 = Debug|Any CPU
		{66EC3823-25A4-406F-A1FC-A6BF1938DE38}.Stage|x64.ActiveCfg = Debug|Any CPU
		{66EC3823-25A4-406F-A1FC-A6BF1938DE38}.Stage|x64.Build.0 = Debug|Any CPU
		{66EC3823-25A4-406F-A1FC-A6BF1938DE38}.Stage|x86.ActiveCfg = Release|Any CPU
		{66EC3823-25A4-406F-A1FC-A6BF1938DE38}.Stage|x86.Build.0 = Release|Any CPU
		{66EC3823-25A4-406F-A1FC-A6BF1938DE38}.x86Only|Any CPU.ActiveCfg = Release|Any CPU
		{66EC3823-25A4-406F-A1FC-A6BF1938DE38}.x86Only|Any CPU.Build.0 = Release|Any CPU
		{66EC3823-25A4-406F-A1FC-A6BF1938DE38}.x86Only|x64.ActiveCfg = Release|Any CPU
		{66EC3823-25A4-406F-A1FC-A6BF1938DE38}.x86Only|x64.Build.0 = Release|Any CPU
		{66EC3823-25A4-406F-A1FC-A6BF1938DE38}.x86Only|x86.ActiveCfg = Release|Any CPU
		{66EC3823-25A4-406F-A1FC-A6BF1938DE38}.x86Only|x86.Build.0 = Release|Any CPU
		{7609680C-3C9D-4735-8709-E64F7116AB70}.Debug|Any CPU.ActiveCfg = Debug|Any CPU
		{7609680C-3C9D-4735-8709-E64F7116AB70}.Debug|Any CPU.Build.0 = Debug|Any CPU
		{7609680C-3C9D-4735-8709-E64F7116AB70}.Debug|x64.ActiveCfg = Debug|Any CPU
		{7609680C-3C9D-4735-8709-E64F7116AB70}.Debug|x64.Build.0 = Debug|Any CPU
		{7609680C-3C9D-4735-8709-E64F7116AB70}.Debug|x86.ActiveCfg = Debug|Any CPU
		{7609680C-3C9D-4735-8709-E64F7116AB70}.Debug|x86.Build.0 = Debug|Any CPU
		{7609680C-3C9D-4735-8709-E64F7116AB70}.Release|Any CPU.ActiveCfg = Release|Any CPU
		{7609680C-3C9D-4735-8709-E64F7116AB70}.Release|Any CPU.Build.0 = Release|Any CPU
		{7609680C-3C9D-4735-8709-E64F7116AB70}.Release|x64.ActiveCfg = Release|Any CPU
		{7609680C-3C9D-4735-8709-E64F7116AB70}.Release|x64.Build.0 = Release|Any CPU
		{7609680C-3C9D-4735-8709-E64F7116AB70}.Release|x86.ActiveCfg = Release|Any CPU
		{7609680C-3C9D-4735-8709-E64F7116AB70}.Release|x86.Build.0 = Release|Any CPU
		{7609680C-3C9D-4735-8709-E64F7116AB70}.Stage|Any CPU.ActiveCfg = Debug|Any CPU
		{7609680C-3C9D-4735-8709-E64F7116AB70}.Stage|Any CPU.Build.0 = Debug|Any CPU
		{7609680C-3C9D-4735-8709-E64F7116AB70}.Stage|x64.ActiveCfg = Release|Any CPU
		{7609680C-3C9D-4735-8709-E64F7116AB70}.Stage|x64.Build.0 = Release|Any CPU
		{7609680C-3C9D-4735-8709-E64F7116AB70}.Stage|x86.ActiveCfg = Release|Any CPU
		{7609680C-3C9D-4735-8709-E64F7116AB70}.Stage|x86.Build.0 = Release|Any CPU
		{7609680C-3C9D-4735-8709-E64F7116AB70}.x86Only|Any CPU.ActiveCfg = Release|Any CPU
		{7609680C-3C9D-4735-8709-E64F7116AB70}.x86Only|Any CPU.Build.0 = Release|Any CPU
		{7609680C-3C9D-4735-8709-E64F7116AB70}.x86Only|x64.ActiveCfg = Release|Any CPU
		{7609680C-3C9D-4735-8709-E64F7116AB70}.x86Only|x64.Build.0 = Release|Any CPU
		{7609680C-3C9D-4735-8709-E64F7116AB70}.x86Only|x86.ActiveCfg = Release|Any CPU
		{7609680C-3C9D-4735-8709-E64F7116AB70}.x86Only|x86.Build.0 = Release|Any CPU
		{372FC78E-0B78-414C-A895-59C0CD6BBA7C}.Debug|Any CPU.ActiveCfg = Debug|Any CPU
		{372FC78E-0B78-414C-A895-59C0CD6BBA7C}.Debug|Any CPU.Build.0 = Debug|Any CPU
		{372FC78E-0B78-414C-A895-59C0CD6BBA7C}.Debug|x64.ActiveCfg = Debug|Any CPU
		{372FC78E-0B78-414C-A895-59C0CD6BBA7C}.Debug|x64.Build.0 = Debug|Any CPU
		{372FC78E-0B78-414C-A895-59C0CD6BBA7C}.Debug|x86.ActiveCfg = Debug|Any CPU
		{372FC78E-0B78-414C-A895-59C0CD6BBA7C}.Debug|x86.Build.0 = Debug|Any CPU
		{372FC78E-0B78-414C-A895-59C0CD6BBA7C}.Release|Any CPU.ActiveCfg = Release|Any CPU
		{372FC78E-0B78-414C-A895-59C0CD6BBA7C}.Release|x64.ActiveCfg = Release|Any CPU
		{372FC78E-0B78-414C-A895-59C0CD6BBA7C}.Release|x64.Build.0 = Release|Any CPU
		{372FC78E-0B78-414C-A895-59C0CD6BBA7C}.Release|x86.ActiveCfg = Release|Any CPU
		{372FC78E-0B78-414C-A895-59C0CD6BBA7C}.Release|x86.Build.0 = Release|Any CPU
		{372FC78E-0B78-414C-A895-59C0CD6BBA7C}.Stage|Any CPU.ActiveCfg = Stage|Any CPU
		{372FC78E-0B78-414C-A895-59C0CD6BBA7C}.Stage|Any CPU.Build.0 = Stage|Any CPU
		{372FC78E-0B78-414C-A895-59C0CD6BBA7C}.Stage|x64.ActiveCfg = Stage|Any CPU
		{372FC78E-0B78-414C-A895-59C0CD6BBA7C}.Stage|x86.ActiveCfg = Stage|Any CPU
		{372FC78E-0B78-414C-A895-59C0CD6BBA7C}.Stage|x86.Build.0 = Stage|Any CPU
		{372FC78E-0B78-414C-A895-59C0CD6BBA7C}.x86Only|Any CPU.ActiveCfg = Stage|Any CPU
		{372FC78E-0B78-414C-A895-59C0CD6BBA7C}.x86Only|Any CPU.Build.0 = Stage|Any CPU
		{372FC78E-0B78-414C-A895-59C0CD6BBA7C}.x86Only|x64.ActiveCfg = Stage|Any CPU
		{372FC78E-0B78-414C-A895-59C0CD6BBA7C}.x86Only|x64.Build.0 = Stage|Any CPU
		{372FC78E-0B78-414C-A895-59C0CD6BBA7C}.x86Only|x86.ActiveCfg = Stage|Any CPU
		{372FC78E-0B78-414C-A895-59C0CD6BBA7C}.x86Only|x86.Build.0 = Stage|Any CPU
		{D787ACCA-0E9D-45E7-A98B-87ACFE7AF249}.Debug|Any CPU.ActiveCfg = Debug|Any CPU
		{D787ACCA-0E9D-45E7-A98B-87ACFE7AF249}.Debug|Any CPU.Build.0 = Debug|Any CPU
		{D787ACCA-0E9D-45E7-A98B-87ACFE7AF249}.Debug|x64.ActiveCfg = Debug|Any CPU
		{D787ACCA-0E9D-45E7-A98B-87ACFE7AF249}.Debug|x64.Build.0 = Debug|Any CPU
		{D787ACCA-0E9D-45E7-A98B-87ACFE7AF249}.Debug|x86.ActiveCfg = Debug|Any CPU
		{D787ACCA-0E9D-45E7-A98B-87ACFE7AF249}.Debug|x86.Build.0 = Debug|Any CPU
		{D787ACCA-0E9D-45E7-A98B-87ACFE7AF249}.Release|Any CPU.ActiveCfg = Release|Any CPU
		{D787ACCA-0E9D-45E7-A98B-87ACFE7AF249}.Release|Any CPU.Build.0 = Release|Any CPU
		{D787ACCA-0E9D-45E7-A98B-87ACFE7AF249}.Release|x64.ActiveCfg = Release|Any CPU
		{D787ACCA-0E9D-45E7-A98B-87ACFE7AF249}.Release|x64.Build.0 = Release|Any CPU
		{D787ACCA-0E9D-45E7-A98B-87ACFE7AF249}.Release|x86.ActiveCfg = Release|Any CPU
		{D787ACCA-0E9D-45E7-A98B-87ACFE7AF249}.Release|x86.Build.0 = Release|Any CPU
		{D787ACCA-0E9D-45E7-A98B-87ACFE7AF249}.Stage|Any CPU.ActiveCfg = Debug|Any CPU
		{D787ACCA-0E9D-45E7-A98B-87ACFE7AF249}.Stage|Any CPU.Build.0 = Debug|Any CPU
		{D787ACCA-0E9D-45E7-A98B-87ACFE7AF249}.Stage|x64.ActiveCfg = Debug|Any CPU
		{D787ACCA-0E9D-45E7-A98B-87ACFE7AF249}.Stage|x64.Build.0 = Debug|Any CPU
		{D787ACCA-0E9D-45E7-A98B-87ACFE7AF249}.Stage|x86.ActiveCfg = Release|Any CPU
		{D787ACCA-0E9D-45E7-A98B-87ACFE7AF249}.Stage|x86.Build.0 = Release|Any CPU
		{D787ACCA-0E9D-45E7-A98B-87ACFE7AF249}.x86Only|Any CPU.ActiveCfg = Release|Any CPU
		{D787ACCA-0E9D-45E7-A98B-87ACFE7AF249}.x86Only|Any CPU.Build.0 = Release|Any CPU
		{D787ACCA-0E9D-45E7-A98B-87ACFE7AF249}.x86Only|x64.ActiveCfg = Release|Any CPU
		{D787ACCA-0E9D-45E7-A98B-87ACFE7AF249}.x86Only|x64.Build.0 = Release|Any CPU
		{D787ACCA-0E9D-45E7-A98B-87ACFE7AF249}.x86Only|x86.ActiveCfg = Release|Any CPU
		{D787ACCA-0E9D-45E7-A98B-87ACFE7AF249}.x86Only|x86.Build.0 = Release|Any CPU
		{A14B6807-A7E8-4EC8-861F-BCC799D90B95}.Debug|Any CPU.ActiveCfg = Debug|Any CPU
		{A14B6807-A7E8-4EC8-861F-BCC799D90B95}.Debug|Any CPU.Build.0 = Debug|Any CPU
		{A14B6807-A7E8-4EC8-861F-BCC799D90B95}.Debug|x64.ActiveCfg = Debug|Any CPU
		{A14B6807-A7E8-4EC8-861F-BCC799D90B95}.Debug|x64.Build.0 = Debug|Any CPU
		{A14B6807-A7E8-4EC8-861F-BCC799D90B95}.Debug|x86.ActiveCfg = Debug|Any CPU
		{A14B6807-A7E8-4EC8-861F-BCC799D90B95}.Debug|x86.Build.0 = Debug|Any CPU
		{A14B6807-A7E8-4EC8-861F-BCC799D90B95}.Release|Any CPU.ActiveCfg = Release|Any CPU
		{A14B6807-A7E8-4EC8-861F-BCC799D90B95}.Release|Any CPU.Build.0 = Release|Any CPU
		{A14B6807-A7E8-4EC8-861F-BCC799D90B95}.Release|x64.ActiveCfg = Release|Any CPU
		{A14B6807-A7E8-4EC8-861F-BCC799D90B95}.Release|x64.Build.0 = Release|Any CPU
		{A14B6807-A7E8-4EC8-861F-BCC799D90B95}.Release|x86.ActiveCfg = Release|Any CPU
		{A14B6807-A7E8-4EC8-861F-BCC799D90B95}.Release|x86.Build.0 = Release|Any CPU
		{A14B6807-A7E8-4EC8-861F-BCC799D90B95}.Stage|Any CPU.ActiveCfg = Debug|Any CPU
		{A14B6807-A7E8-4EC8-861F-BCC799D90B95}.Stage|Any CPU.Build.0 = Debug|Any CPU
		{A14B6807-A7E8-4EC8-861F-BCC799D90B95}.Stage|x64.ActiveCfg = Debug|Any CPU
		{A14B6807-A7E8-4EC8-861F-BCC799D90B95}.Stage|x64.Build.0 = Debug|Any CPU
		{A14B6807-A7E8-4EC8-861F-BCC799D90B95}.Stage|x86.ActiveCfg = Release|Any CPU
		{A14B6807-A7E8-4EC8-861F-BCC799D90B95}.Stage|x86.Build.0 = Release|Any CPU
		{A14B6807-A7E8-4EC8-861F-BCC799D90B95}.x86Only|Any CPU.ActiveCfg = Release|Any CPU
		{A14B6807-A7E8-4EC8-861F-BCC799D90B95}.x86Only|Any CPU.Build.0 = Release|Any CPU
		{A14B6807-A7E8-4EC8-861F-BCC799D90B95}.x86Only|x64.ActiveCfg = Release|Any CPU
		{A14B6807-A7E8-4EC8-861F-BCC799D90B95}.x86Only|x64.Build.0 = Release|Any CPU
		{A14B6807-A7E8-4EC8-861F-BCC799D90B95}.x86Only|x86.ActiveCfg = Release|Any CPU
		{A14B6807-A7E8-4EC8-861F-BCC799D90B95}.x86Only|x86.Build.0 = Release|Any CPU
		{B3F13956-BC92-4B49-A375-1882BDA8878C}.Debug|Any CPU.ActiveCfg = Debug|Any CPU
		{B3F13956-BC92-4B49-A375-1882BDA8878C}.Debug|Any CPU.Build.0 = Debug|Any CPU
		{B3F13956-BC92-4B49-A375-1882BDA8878C}.Debug|x64.ActiveCfg = Debug|Any CPU
		{B3F13956-BC92-4B49-A375-1882BDA8878C}.Debug|x64.Build.0 = Debug|Any CPU
		{B3F13956-BC92-4B49-A375-1882BDA8878C}.Debug|x86.ActiveCfg = Debug|Any CPU
		{B3F13956-BC92-4B49-A375-1882BDA8878C}.Debug|x86.Build.0 = Debug|Any CPU
		{B3F13956-BC92-4B49-A375-1882BDA8878C}.Release|Any CPU.ActiveCfg = Release|Any CPU
		{B3F13956-BC92-4B49-A375-1882BDA8878C}.Release|Any CPU.Build.0 = Release|Any CPU
		{B3F13956-BC92-4B49-A375-1882BDA8878C}.Release|x64.ActiveCfg = Release|Any CPU
		{B3F13956-BC92-4B49-A375-1882BDA8878C}.Release|x64.Build.0 = Release|Any CPU
		{B3F13956-BC92-4B49-A375-1882BDA8878C}.Release|x86.ActiveCfg = Release|Any CPU
		{B3F13956-BC92-4B49-A375-1882BDA8878C}.Release|x86.Build.0 = Release|Any CPU
		{B3F13956-BC92-4B49-A375-1882BDA8878C}.Stage|Any CPU.ActiveCfg = Debug|Any CPU
		{B3F13956-BC92-4B49-A375-1882BDA8878C}.Stage|Any CPU.Build.0 = Debug|Any CPU
		{B3F13956-BC92-4B49-A375-1882BDA8878C}.Stage|x64.ActiveCfg = Debug|Any CPU
		{B3F13956-BC92-4B49-A375-1882BDA8878C}.Stage|x64.Build.0 = Debug|Any CPU
		{B3F13956-BC92-4B49-A375-1882BDA8878C}.Stage|x86.ActiveCfg = Release|Any CPU
		{B3F13956-BC92-4B49-A375-1882BDA8878C}.Stage|x86.Build.0 = Release|Any CPU
		{B3F13956-BC92-4B49-A375-1882BDA8878C}.x86Only|Any CPU.ActiveCfg = Release|Any CPU
		{B3F13956-BC92-4B49-A375-1882BDA8878C}.x86Only|Any CPU.Build.0 = Release|Any CPU
		{B3F13956-BC92-4B49-A375-1882BDA8878C}.x86Only|x64.ActiveCfg = Release|Any CPU
		{B3F13956-BC92-4B49-A375-1882BDA8878C}.x86Only|x64.Build.0 = Release|Any CPU
		{B3F13956-BC92-4B49-A375-1882BDA8878C}.x86Only|x86.ActiveCfg = Release|Any CPU
		{B3F13956-BC92-4B49-A375-1882BDA8878C}.x86Only|x86.Build.0 = Release|Any CPU
		{4C9528F5-79D9-40BA-8CF0-CADCB9BAF299}.Debug|Any CPU.ActiveCfg = Debug|Any CPU
		{4C9528F5-79D9-40BA-8CF0-CADCB9BAF299}.Debug|Any CPU.Build.0 = Debug|Any CPU
		{4C9528F5-79D9-40BA-8CF0-CADCB9BAF299}.Debug|x64.ActiveCfg = Debug|Any CPU
		{4C9528F5-79D9-40BA-8CF0-CADCB9BAF299}.Debug|x64.Build.0 = Debug|Any CPU
		{4C9528F5-79D9-40BA-8CF0-CADCB9BAF299}.Debug|x86.ActiveCfg = Debug|Any CPU
		{4C9528F5-79D9-40BA-8CF0-CADCB9BAF299}.Debug|x86.Build.0 = Debug|Any CPU
		{4C9528F5-79D9-40BA-8CF0-CADCB9BAF299}.Release|Any CPU.ActiveCfg = Release|Any CPU
		{4C9528F5-79D9-40BA-8CF0-CADCB9BAF299}.Release|Any CPU.Build.0 = Release|Any CPU
		{4C9528F5-79D9-40BA-8CF0-CADCB9BAF299}.Release|x64.ActiveCfg = Release|Any CPU
		{4C9528F5-79D9-40BA-8CF0-CADCB9BAF299}.Release|x64.Build.0 = Release|Any CPU
		{4C9528F5-79D9-40BA-8CF0-CADCB9BAF299}.Release|x86.ActiveCfg = Release|Any CPU
		{4C9528F5-79D9-40BA-8CF0-CADCB9BAF299}.Release|x86.Build.0 = Release|Any CPU
		{4C9528F5-79D9-40BA-8CF0-CADCB9BAF299}.Stage|Any CPU.ActiveCfg = Debug|Any CPU
		{4C9528F5-79D9-40BA-8CF0-CADCB9BAF299}.Stage|Any CPU.Build.0 = Debug|Any CPU
		{4C9528F5-79D9-40BA-8CF0-CADCB9BAF299}.Stage|x64.ActiveCfg = Debug|Any CPU
		{4C9528F5-79D9-40BA-8CF0-CADCB9BAF299}.Stage|x64.Build.0 = Debug|Any CPU
		{4C9528F5-79D9-40BA-8CF0-CADCB9BAF299}.Stage|x86.ActiveCfg = Release|Any CPU
		{4C9528F5-79D9-40BA-8CF0-CADCB9BAF299}.Stage|x86.Build.0 = Release|Any CPU
		{4C9528F5-79D9-40BA-8CF0-CADCB9BAF299}.x86Only|Any CPU.ActiveCfg = Release|Any CPU
		{4C9528F5-79D9-40BA-8CF0-CADCB9BAF299}.x86Only|Any CPU.Build.0 = Release|Any CPU
		{4C9528F5-79D9-40BA-8CF0-CADCB9BAF299}.x86Only|x64.ActiveCfg = Release|Any CPU
		{4C9528F5-79D9-40BA-8CF0-CADCB9BAF299}.x86Only|x64.Build.0 = Release|Any CPU
		{4C9528F5-79D9-40BA-8CF0-CADCB9BAF299}.x86Only|x86.ActiveCfg = Release|Any CPU
		{4C9528F5-79D9-40BA-8CF0-CADCB9BAF299}.x86Only|x86.Build.0 = Release|Any CPU
		{1346D530-B4D5-48B4-B1D2-0130D20EDFBF}.Debug|Any CPU.ActiveCfg = Debug|Any CPU
		{1346D530-B4D5-48B4-B1D2-0130D20EDFBF}.Debug|Any CPU.Build.0 = Debug|Any CPU
		{1346D530-B4D5-48B4-B1D2-0130D20EDFBF}.Debug|x64.ActiveCfg = Debug|Any CPU
		{1346D530-B4D5-48B4-B1D2-0130D20EDFBF}.Debug|x64.Build.0 = Debug|Any CPU
		{1346D530-B4D5-48B4-B1D2-0130D20EDFBF}.Debug|x86.ActiveCfg = Debug|Any CPU
		{1346D530-B4D5-48B4-B1D2-0130D20EDFBF}.Debug|x86.Build.0 = Debug|Any CPU
		{1346D530-B4D5-48B4-B1D2-0130D20EDFBF}.Release|Any CPU.ActiveCfg = Release|Any CPU
		{1346D530-B4D5-48B4-B1D2-0130D20EDFBF}.Release|Any CPU.Build.0 = Release|Any CPU
		{1346D530-B4D5-48B4-B1D2-0130D20EDFBF}.Release|x64.ActiveCfg = Release|Any CPU
		{1346D530-B4D5-48B4-B1D2-0130D20EDFBF}.Release|x64.Build.0 = Release|Any CPU
		{1346D530-B4D5-48B4-B1D2-0130D20EDFBF}.Release|x86.ActiveCfg = Release|Any CPU
		{1346D530-B4D5-48B4-B1D2-0130D20EDFBF}.Release|x86.Build.0 = Release|Any CPU
		{1346D530-B4D5-48B4-B1D2-0130D20EDFBF}.Stage|Any CPU.ActiveCfg = Debug|Any CPU
		{1346D530-B4D5-48B4-B1D2-0130D20EDFBF}.Stage|Any CPU.Build.0 = Debug|Any CPU
		{1346D530-B4D5-48B4-B1D2-0130D20EDFBF}.Stage|x64.ActiveCfg = Debug|Any CPU
		{1346D530-B4D5-48B4-B1D2-0130D20EDFBF}.Stage|x64.Build.0 = Debug|Any CPU
		{1346D530-B4D5-48B4-B1D2-0130D20EDFBF}.Stage|x86.ActiveCfg = Debug|Any CPU
		{1346D530-B4D5-48B4-B1D2-0130D20EDFBF}.Stage|x86.Build.0 = Debug|Any CPU
		{1346D530-B4D5-48B4-B1D2-0130D20EDFBF}.x86Only|Any CPU.ActiveCfg = Debug|Any CPU
		{1346D530-B4D5-48B4-B1D2-0130D20EDFBF}.x86Only|Any CPU.Build.0 = Debug|Any CPU
		{1346D530-B4D5-48B4-B1D2-0130D20EDFBF}.x86Only|x64.ActiveCfg = Debug|Any CPU
		{1346D530-B4D5-48B4-B1D2-0130D20EDFBF}.x86Only|x64.Build.0 = Debug|Any CPU
		{1346D530-B4D5-48B4-B1D2-0130D20EDFBF}.x86Only|x86.ActiveCfg = Debug|Any CPU
		{1346D530-B4D5-48B4-B1D2-0130D20EDFBF}.x86Only|x86.Build.0 = Debug|Any CPU
		{32B52012-6743-4560-86BE-0B3629F23AB3}.Debug|Any CPU.ActiveCfg = Debug|Any CPU
		{32B52012-6743-4560-86BE-0B3629F23AB3}.Debug|Any CPU.Build.0 = Debug|Any CPU
		{32B52012-6743-4560-86BE-0B3629F23AB3}.Debug|x64.ActiveCfg = Debug|Any CPU
		{32B52012-6743-4560-86BE-0B3629F23AB3}.Debug|x64.Build.0 = Debug|Any CPU
		{32B52012-6743-4560-86BE-0B3629F23AB3}.Debug|x86.ActiveCfg = Debug|Any CPU
		{32B52012-6743-4560-86BE-0B3629F23AB3}.Debug|x86.Build.0 = Debug|Any CPU
		{32B52012-6743-4560-86BE-0B3629F23AB3}.Release|Any CPU.ActiveCfg = Release|Any CPU
		{32B52012-6743-4560-86BE-0B3629F23AB3}.Release|Any CPU.Build.0 = Release|Any CPU
		{32B52012-6743-4560-86BE-0B3629F23AB3}.Release|x64.ActiveCfg = Release|Any CPU
		{32B52012-6743-4560-86BE-0B3629F23AB3}.Release|x64.Build.0 = Release|Any CPU
		{32B52012-6743-4560-86BE-0B3629F23AB3}.Release|x86.ActiveCfg = Release|Any CPU
		{32B52012-6743-4560-86BE-0B3629F23AB3}.Release|x86.Build.0 = Release|Any CPU
		{32B52012-6743-4560-86BE-0B3629F23AB3}.Stage|Any CPU.ActiveCfg = Debug|Any CPU
		{32B52012-6743-4560-86BE-0B3629F23AB3}.Stage|Any CPU.Build.0 = Debug|Any CPU
		{32B52012-6743-4560-86BE-0B3629F23AB3}.Stage|x64.ActiveCfg = Release|Any CPU
		{32B52012-6743-4560-86BE-0B3629F23AB3}.Stage|x64.Build.0 = Release|Any CPU
		{32B52012-6743-4560-86BE-0B3629F23AB3}.Stage|x86.ActiveCfg = Release|Any CPU
		{32B52012-6743-4560-86BE-0B3629F23AB3}.Stage|x86.Build.0 = Release|Any CPU
		{32B52012-6743-4560-86BE-0B3629F23AB3}.x86Only|Any CPU.ActiveCfg = Release|Any CPU
		{32B52012-6743-4560-86BE-0B3629F23AB3}.x86Only|Any CPU.Build.0 = Release|Any CPU
		{32B52012-6743-4560-86BE-0B3629F23AB3}.x86Only|x64.ActiveCfg = Release|Any CPU
		{32B52012-6743-4560-86BE-0B3629F23AB3}.x86Only|x64.Build.0 = Release|Any CPU
		{32B52012-6743-4560-86BE-0B3629F23AB3}.x86Only|x86.ActiveCfg = Release|Any CPU
		{32B52012-6743-4560-86BE-0B3629F23AB3}.x86Only|x86.Build.0 = Release|Any CPU
		{CB982580-DD8D-414E-AF2D-29D73A06A09D}.Debug|Any CPU.ActiveCfg = Debug|Any CPU
		{CB982580-DD8D-414E-AF2D-29D73A06A09D}.Debug|Any CPU.Build.0 = Debug|Any CPU
		{CB982580-DD8D-414E-AF2D-29D73A06A09D}.Debug|x64.ActiveCfg = Debug|Any CPU
		{CB982580-DD8D-414E-AF2D-29D73A06A09D}.Debug|x64.Build.0 = Debug|Any CPU
		{CB982580-DD8D-414E-AF2D-29D73A06A09D}.Debug|x86.ActiveCfg = Debug|Any CPU
		{CB982580-DD8D-414E-AF2D-29D73A06A09D}.Debug|x86.Build.0 = Debug|Any CPU
		{CB982580-DD8D-414E-AF2D-29D73A06A09D}.Release|Any CPU.ActiveCfg = Release|Any CPU
		{CB982580-DD8D-414E-AF2D-29D73A06A09D}.Release|Any CPU.Build.0 = Release|Any CPU
		{CB982580-DD8D-414E-AF2D-29D73A06A09D}.Release|x64.ActiveCfg = Release|Any CPU
		{CB982580-DD8D-414E-AF2D-29D73A06A09D}.Release|x64.Build.0 = Release|Any CPU
		{CB982580-DD8D-414E-AF2D-29D73A06A09D}.Release|x86.ActiveCfg = Release|Any CPU
		{CB982580-DD8D-414E-AF2D-29D73A06A09D}.Release|x86.Build.0 = Release|Any CPU
		{CB982580-DD8D-414E-AF2D-29D73A06A09D}.Stage|Any CPU.ActiveCfg = Debug|Any CPU
		{CB982580-DD8D-414E-AF2D-29D73A06A09D}.Stage|Any CPU.Build.0 = Debug|Any CPU
		{CB982580-DD8D-414E-AF2D-29D73A06A09D}.Stage|x64.ActiveCfg = Debug|Any CPU
		{CB982580-DD8D-414E-AF2D-29D73A06A09D}.Stage|x64.Build.0 = Debug|Any CPU
		{CB982580-DD8D-414E-AF2D-29D73A06A09D}.Stage|x86.ActiveCfg = Debug|Any CPU
		{CB982580-DD8D-414E-AF2D-29D73A06A09D}.Stage|x86.Build.0 = Debug|Any CPU
		{CB982580-DD8D-414E-AF2D-29D73A06A09D}.x86Only|Any CPU.ActiveCfg = Debug|Any CPU
		{CB982580-DD8D-414E-AF2D-29D73A06A09D}.x86Only|Any CPU.Build.0 = Debug|Any CPU
		{CB982580-DD8D-414E-AF2D-29D73A06A09D}.x86Only|x64.ActiveCfg = Debug|Any CPU
		{CB982580-DD8D-414E-AF2D-29D73A06A09D}.x86Only|x64.Build.0 = Debug|Any CPU
		{CB982580-DD8D-414E-AF2D-29D73A06A09D}.x86Only|x86.ActiveCfg = Debug|Any CPU
		{CB982580-DD8D-414E-AF2D-29D73A06A09D}.x86Only|x86.Build.0 = Debug|Any CPU
		{9BD61768-3817-4BC5-93BE-DF3977193A2C}.Debug|Any CPU.ActiveCfg = Debug|Any CPU
		{9BD61768-3817-4BC5-93BE-DF3977193A2C}.Debug|Any CPU.Build.0 = Debug|Any CPU
		{9BD61768-3817-4BC5-93BE-DF3977193A2C}.Debug|x64.ActiveCfg = Debug|Any CPU
		{9BD61768-3817-4BC5-93BE-DF3977193A2C}.Debug|x64.Build.0 = Debug|Any CPU
		{9BD61768-3817-4BC5-93BE-DF3977193A2C}.Debug|x86.ActiveCfg = Debug|Any CPU
		{9BD61768-3817-4BC5-93BE-DF3977193A2C}.Debug|x86.Build.0 = Debug|Any CPU
		{9BD61768-3817-4BC5-93BE-DF3977193A2C}.Release|Any CPU.ActiveCfg = Release|Any CPU
		{9BD61768-3817-4BC5-93BE-DF3977193A2C}.Release|Any CPU.Build.0 = Release|Any CPU
		{9BD61768-3817-4BC5-93BE-DF3977193A2C}.Release|x64.ActiveCfg = Release|Any CPU
		{9BD61768-3817-4BC5-93BE-DF3977193A2C}.Release|x64.Build.0 = Release|Any CPU
		{9BD61768-3817-4BC5-93BE-DF3977193A2C}.Release|x86.ActiveCfg = Release|Any CPU
		{9BD61768-3817-4BC5-93BE-DF3977193A2C}.Release|x86.Build.0 = Release|Any CPU
		{9BD61768-3817-4BC5-93BE-DF3977193A2C}.Stage|Any CPU.ActiveCfg = Debug|Any CPU
		{9BD61768-3817-4BC5-93BE-DF3977193A2C}.Stage|Any CPU.Build.0 = Debug|Any CPU
		{9BD61768-3817-4BC5-93BE-DF3977193A2C}.Stage|x64.ActiveCfg = Debug|Any CPU
		{9BD61768-3817-4BC5-93BE-DF3977193A2C}.Stage|x64.Build.0 = Debug|Any CPU
		{9BD61768-3817-4BC5-93BE-DF3977193A2C}.Stage|x86.ActiveCfg = Debug|Any CPU
		{9BD61768-3817-4BC5-93BE-DF3977193A2C}.Stage|x86.Build.0 = Debug|Any CPU
		{9BD61768-3817-4BC5-93BE-DF3977193A2C}.x86Only|Any CPU.ActiveCfg = Debug|Any CPU
		{9BD61768-3817-4BC5-93BE-DF3977193A2C}.x86Only|Any CPU.Build.0 = Debug|Any CPU
		{9BD61768-3817-4BC5-93BE-DF3977193A2C}.x86Only|x64.ActiveCfg = Debug|Any CPU
		{9BD61768-3817-4BC5-93BE-DF3977193A2C}.x86Only|x64.Build.0 = Debug|Any CPU
		{9BD61768-3817-4BC5-93BE-DF3977193A2C}.x86Only|x86.ActiveCfg = Debug|Any CPU
		{9BD61768-3817-4BC5-93BE-DF3977193A2C}.x86Only|x86.Build.0 = Debug|Any CPU
		{0705C384-17C7-42F1-B050-88BF22E21784}.Debug|Any CPU.ActiveCfg = Debug|Any CPU
		{0705C384-17C7-42F1-B050-88BF22E21784}.Debug|Any CPU.Build.0 = Debug|Any CPU
		{0705C384-17C7-42F1-B050-88BF22E21784}.Debug|x64.ActiveCfg = Debug|Any CPU
		{0705C384-17C7-42F1-B050-88BF22E21784}.Debug|x64.Build.0 = Debug|Any CPU
		{0705C384-17C7-42F1-B050-88BF22E21784}.Debug|x86.ActiveCfg = Debug|Any CPU
		{0705C384-17C7-42F1-B050-88BF22E21784}.Debug|x86.Build.0 = Debug|Any CPU
		{0705C384-17C7-42F1-B050-88BF22E21784}.Release|Any CPU.ActiveCfg = Release|Any CPU
		{0705C384-17C7-42F1-B050-88BF22E21784}.Release|Any CPU.Build.0 = Release|Any CPU
		{0705C384-17C7-42F1-B050-88BF22E21784}.Release|x64.ActiveCfg = Release|Any CPU
		{0705C384-17C7-42F1-B050-88BF22E21784}.Release|x64.Build.0 = Release|Any CPU
		{0705C384-17C7-42F1-B050-88BF22E21784}.Release|x86.ActiveCfg = Release|Any CPU
		{0705C384-17C7-42F1-B050-88BF22E21784}.Release|x86.Build.0 = Release|Any CPU
		{0705C384-17C7-42F1-B050-88BF22E21784}.Stage|Any CPU.ActiveCfg = Debug|Any CPU
		{0705C384-17C7-42F1-B050-88BF22E21784}.Stage|Any CPU.Build.0 = Debug|Any CPU
		{0705C384-17C7-42F1-B050-88BF22E21784}.Stage|x64.ActiveCfg = Release|Any CPU
		{0705C384-17C7-42F1-B050-88BF22E21784}.Stage|x64.Build.0 = Release|Any CPU
		{0705C384-17C7-42F1-B050-88BF22E21784}.Stage|x86.ActiveCfg = Release|Any CPU
		{0705C384-17C7-42F1-B050-88BF22E21784}.Stage|x86.Build.0 = Release|Any CPU
		{0705C384-17C7-42F1-B050-88BF22E21784}.x86Only|Any CPU.ActiveCfg = Release|Any CPU
		{0705C384-17C7-42F1-B050-88BF22E21784}.x86Only|Any CPU.Build.0 = Release|Any CPU
		{0705C384-17C7-42F1-B050-88BF22E21784}.x86Only|x64.ActiveCfg = Release|Any CPU
		{0705C384-17C7-42F1-B050-88BF22E21784}.x86Only|x64.Build.0 = Release|Any CPU
		{0705C384-17C7-42F1-B050-88BF22E21784}.x86Only|x86.ActiveCfg = Release|Any CPU
		{0705C384-17C7-42F1-B050-88BF22E21784}.x86Only|x86.Build.0 = Release|Any CPU
		{1F1533F7-08AB-4E39-9EC3-D33B559E2E2E}.Debug|Any CPU.ActiveCfg = Debug|Any CPU
		{1F1533F7-08AB-4E39-9EC3-D33B559E2E2E}.Debug|Any CPU.Build.0 = Debug|Any CPU
		{1F1533F7-08AB-4E39-9EC3-D33B559E2E2E}.Debug|x64.ActiveCfg = Debug|Any CPU
		{1F1533F7-08AB-4E39-9EC3-D33B559E2E2E}.Debug|x64.Build.0 = Debug|Any CPU
		{1F1533F7-08AB-4E39-9EC3-D33B559E2E2E}.Debug|x86.ActiveCfg = Debug|Any CPU
		{1F1533F7-08AB-4E39-9EC3-D33B559E2E2E}.Debug|x86.Build.0 = Debug|Any CPU
		{1F1533F7-08AB-4E39-9EC3-D33B559E2E2E}.Release|Any CPU.ActiveCfg = Release|Any CPU
		{1F1533F7-08AB-4E39-9EC3-D33B559E2E2E}.Release|x64.ActiveCfg = Release|Any CPU
		{1F1533F7-08AB-4E39-9EC3-D33B559E2E2E}.Release|x64.Build.0 = Release|Any CPU
		{1F1533F7-08AB-4E39-9EC3-D33B559E2E2E}.Release|x86.ActiveCfg = Release|Any CPU
		{1F1533F7-08AB-4E39-9EC3-D33B559E2E2E}.Release|x86.Build.0 = Release|Any CPU
		{1F1533F7-08AB-4E39-9EC3-D33B559E2E2E}.Stage|Any CPU.ActiveCfg = Stage|Any CPU
		{1F1533F7-08AB-4E39-9EC3-D33B559E2E2E}.Stage|Any CPU.Build.0 = Stage|Any CPU
		{1F1533F7-08AB-4E39-9EC3-D33B559E2E2E}.Stage|x64.ActiveCfg = Stage|Any CPU
		{1F1533F7-08AB-4E39-9EC3-D33B559E2E2E}.Stage|x64.Build.0 = Stage|Any CPU
		{1F1533F7-08AB-4E39-9EC3-D33B559E2E2E}.Stage|x86.ActiveCfg = Stage|Any CPU
		{1F1533F7-08AB-4E39-9EC3-D33B559E2E2E}.Stage|x86.Build.0 = Stage|Any CPU
		{1F1533F7-08AB-4E39-9EC3-D33B559E2E2E}.x86Only|Any CPU.ActiveCfg = Stage|Any CPU
		{1F1533F7-08AB-4E39-9EC3-D33B559E2E2E}.x86Only|Any CPU.Build.0 = Stage|Any CPU
		{1F1533F7-08AB-4E39-9EC3-D33B559E2E2E}.x86Only|x64.ActiveCfg = Stage|Any CPU
		{1F1533F7-08AB-4E39-9EC3-D33B559E2E2E}.x86Only|x64.Build.0 = Stage|Any CPU
		{1F1533F7-08AB-4E39-9EC3-D33B559E2E2E}.x86Only|x86.ActiveCfg = Stage|Any CPU
		{1F1533F7-08AB-4E39-9EC3-D33B559E2E2E}.x86Only|x86.Build.0 = Stage|Any CPU
		{01F5CEF0-2640-46CC-923E-80C3297C279B}.Debug|Any CPU.ActiveCfg = Debug|Any CPU
		{01F5CEF0-2640-46CC-923E-80C3297C279B}.Debug|Any CPU.Build.0 = Debug|Any CPU
		{01F5CEF0-2640-46CC-923E-80C3297C279B}.Debug|x64.ActiveCfg = Debug|Any CPU
		{01F5CEF0-2640-46CC-923E-80C3297C279B}.Debug|x64.Build.0 = Debug|Any CPU
		{01F5CEF0-2640-46CC-923E-80C3297C279B}.Debug|x86.ActiveCfg = Debug|Any CPU
		{01F5CEF0-2640-46CC-923E-80C3297C279B}.Debug|x86.Build.0 = Debug|Any CPU
		{01F5CEF0-2640-46CC-923E-80C3297C279B}.Release|Any CPU.ActiveCfg = Release|Any CPU
		{01F5CEF0-2640-46CC-923E-80C3297C279B}.Release|Any CPU.Build.0 = Release|Any CPU
		{01F5CEF0-2640-46CC-923E-80C3297C279B}.Release|x64.ActiveCfg = Release|Any CPU
		{01F5CEF0-2640-46CC-923E-80C3297C279B}.Release|x64.Build.0 = Release|Any CPU
		{01F5CEF0-2640-46CC-923E-80C3297C279B}.Release|x86.ActiveCfg = Release|Any CPU
		{01F5CEF0-2640-46CC-923E-80C3297C279B}.Release|x86.Build.0 = Release|Any CPU
		{01F5CEF0-2640-46CC-923E-80C3297C279B}.Stage|Any CPU.ActiveCfg = Debug|Any CPU
		{01F5CEF0-2640-46CC-923E-80C3297C279B}.Stage|Any CPU.Build.0 = Debug|Any CPU
		{01F5CEF0-2640-46CC-923E-80C3297C279B}.Stage|x64.ActiveCfg = Release|Any CPU
		{01F5CEF0-2640-46CC-923E-80C3297C279B}.Stage|x64.Build.0 = Release|Any CPU
		{01F5CEF0-2640-46CC-923E-80C3297C279B}.Stage|x86.ActiveCfg = Release|Any CPU
		{01F5CEF0-2640-46CC-923E-80C3297C279B}.Stage|x86.Build.0 = Release|Any CPU
		{01F5CEF0-2640-46CC-923E-80C3297C279B}.x86Only|Any CPU.ActiveCfg = Release|Any CPU
		{01F5CEF0-2640-46CC-923E-80C3297C279B}.x86Only|Any CPU.Build.0 = Release|Any CPU
		{01F5CEF0-2640-46CC-923E-80C3297C279B}.x86Only|x64.ActiveCfg = Release|Any CPU
		{01F5CEF0-2640-46CC-923E-80C3297C279B}.x86Only|x64.Build.0 = Release|Any CPU
		{01F5CEF0-2640-46CC-923E-80C3297C279B}.x86Only|x86.ActiveCfg = Release|Any CPU
		{01F5CEF0-2640-46CC-923E-80C3297C279B}.x86Only|x86.Build.0 = Release|Any CPU
		{81DE71C4-146D-4978-B52D-2CE2C4B1D512}.Debug|Any CPU.ActiveCfg = Debug|Any CPU
		{81DE71C4-146D-4978-B52D-2CE2C4B1D512}.Debug|Any CPU.Build.0 = Debug|Any CPU
		{81DE71C4-146D-4978-B52D-2CE2C4B1D512}.Debug|x64.ActiveCfg = Debug|Any CPU
		{81DE71C4-146D-4978-B52D-2CE2C4B1D512}.Debug|x64.Build.0 = Debug|Any CPU
		{81DE71C4-146D-4978-B52D-2CE2C4B1D512}.Debug|x86.ActiveCfg = Debug|Any CPU
		{81DE71C4-146D-4978-B52D-2CE2C4B1D512}.Debug|x86.Build.0 = Debug|Any CPU
		{81DE71C4-146D-4978-B52D-2CE2C4B1D512}.Release|Any CPU.ActiveCfg = Release|Any CPU
		{81DE71C4-146D-4978-B52D-2CE2C4B1D512}.Release|Any CPU.Build.0 = Release|Any CPU
		{81DE71C4-146D-4978-B52D-2CE2C4B1D512}.Release|x64.ActiveCfg = Release|Any CPU
		{81DE71C4-146D-4978-B52D-2CE2C4B1D512}.Release|x64.Build.0 = Release|Any CPU
		{81DE71C4-146D-4978-B52D-2CE2C4B1D512}.Release|x86.ActiveCfg = Release|Any CPU
		{81DE71C4-146D-4978-B52D-2CE2C4B1D512}.Release|x86.Build.0 = Release|Any CPU
		{81DE71C4-146D-4978-B52D-2CE2C4B1D512}.Stage|Any CPU.ActiveCfg = Debug|Any CPU
		{81DE71C4-146D-4978-B52D-2CE2C4B1D512}.Stage|Any CPU.Build.0 = Debug|Any CPU
		{81DE71C4-146D-4978-B52D-2CE2C4B1D512}.Stage|x64.ActiveCfg = Debug|Any CPU
		{81DE71C4-146D-4978-B52D-2CE2C4B1D512}.Stage|x64.Build.0 = Debug|Any CPU
		{81DE71C4-146D-4978-B52D-2CE2C4B1D512}.Stage|x86.ActiveCfg = Debug|Any CPU
		{81DE71C4-146D-4978-B52D-2CE2C4B1D512}.Stage|x86.Build.0 = Debug|Any CPU
		{81DE71C4-146D-4978-B52D-2CE2C4B1D512}.x86Only|Any CPU.ActiveCfg = Debug|Any CPU
		{81DE71C4-146D-4978-B52D-2CE2C4B1D512}.x86Only|Any CPU.Build.0 = Debug|Any CPU
		{81DE71C4-146D-4978-B52D-2CE2C4B1D512}.x86Only|x64.ActiveCfg = Debug|Any CPU
		{81DE71C4-146D-4978-B52D-2CE2C4B1D512}.x86Only|x64.Build.0 = Debug|Any CPU
		{81DE71C4-146D-4978-B52D-2CE2C4B1D512}.x86Only|x86.ActiveCfg = Debug|Any CPU
		{81DE71C4-146D-4978-B52D-2CE2C4B1D512}.x86Only|x86.Build.0 = Debug|Any CPU
	EndGlobalSection
	GlobalSection(SolutionProperties) = preSolution
		HideSolutionNode = FALSE
	EndGlobalSection
	GlobalSection(NestedProjects) = preSolution
		{4A1975FD-1CCC-430F-A383-F5A09B416460} = {F0B0A6EA-FAB7-4F57-9C96-C13E4B1F3812}
		{74DE9FAD-6373-41A3-AB92-DC32CA2EF7EC} = {89DAEB9A-7392-4DDE-8C79-E7D5929E0DEE}
		{2834DAFD-EADE-4076-9D80-0827E185EFE1} = {DA630231-0460-4B92-B657-BE9AFCA71AFD}
		{1E264E84-82F5-4E8F-9847-4EE0CB8F5117} = {DA630231-0460-4B92-B657-BE9AFCA71AFD}
		{643D19BF-1C1F-4967-B322-823EDE73D2B8} = {F0B0A6EA-FAB7-4F57-9C96-C13E4B1F3812}
		{0AE201D3-CE5B-404F-8C25-36BD929E1D19} = {DA630231-0460-4B92-B657-BE9AFCA71AFD}
		{0CFFB433-12E2-43E9-9A56-9CAA5971E23D} = {1F2C4408-345E-4AC7-BDE2-B471997CD3CE}
		{304892DD-28B3-4D3A-A37A-6494C8E0F14F} = {1F2C4408-345E-4AC7-BDE2-B471997CD3CE}
		{6FE2EA1E-85E3-4969-BE6C-C08C9BA9029A} = {DA630231-0460-4B92-B657-BE9AFCA71AFD}
		{C52D0051-0BD8-49AC-9D33-A68D44EEECCB} = {F0B0A6EA-FAB7-4F57-9C96-C13E4B1F3812}
		{8B58868A-10B5-436F-90F2-FC9C0D458C76} = {1F2C4408-345E-4AC7-BDE2-B471997CD3CE}
		{DC73BDE9-FF0A-490A-8761-8734592246D1} = {89DAEB9A-7392-4DDE-8C79-E7D5929E0DEE}
		{7609680C-3C9D-4735-8709-E64F7116AB70} = {1F2C4408-345E-4AC7-BDE2-B471997CD3CE}
		{372FC78E-0B78-414C-A895-59C0CD6BBA7C} = {1F2C4408-345E-4AC7-BDE2-B471997CD3CE}
		{D787ACCA-0E9D-45E7-A98B-87ACFE7AF249} = {DA630231-0460-4B92-B657-BE9AFCA71AFD}
		{B3F13956-BC92-4B49-A375-1882BDA8878C} = {1F2C4408-345E-4AC7-BDE2-B471997CD3CE}
		{4C9528F5-79D9-40BA-8CF0-CADCB9BAF299} = {89DAEB9A-7392-4DDE-8C79-E7D5929E0DEE}
		{1346D530-B4D5-48B4-B1D2-0130D20EDFBF} = {1F2C4408-345E-4AC7-BDE2-B471997CD3CE}
		{32B52012-6743-4560-86BE-0B3629F23AB3} = {89DAEB9A-7392-4DDE-8C79-E7D5929E0DEE}
		{CB982580-DD8D-414E-AF2D-29D73A06A09D} = {FFDF8716-D3DF-414D-8D45-89FEE1AED6AA}
		{9BD61768-3817-4BC5-93BE-DF3977193A2C} = {FFDF8716-D3DF-414D-8D45-89FEE1AED6AA}
		{0705C384-17C7-42F1-B050-88BF22E21784} = {62B11137-6DCD-450E-996D-1256B38B3BD5}
		{1F1533F7-08AB-4E39-9EC3-D33B559E2E2E} = {F4002F1A-7F3B-4004-B6D1-6E38A55E0E6B}
		{01F5CEF0-2640-46CC-923E-80C3297C279B} = {1F2C4408-345E-4AC7-BDE2-B471997CD3CE}
	EndGlobalSection
	GlobalSection(ExtensibilityGlobals) = postSolution
		VisualSVNWorkingCopyRoot = .
		SolutionGuid = {976066FD-0C59-43E9-8518-4766DC7351A0}
	EndGlobalSection
	GlobalSection(Performance) = preSolution
		HasPerformanceSessions = true
	EndGlobalSection
EndGlobal
